// !$*UTF8*$!
{
	archiveVersion = 1;
	classes = {
	};
	objectVersion = 46;
	objects = {

/* Begin PBXBuildFile section */
		111883999DDBBA4FEC83C510 /* Pods_Itspay.framework in Frameworks */ = {isa = PBXBuildFile; fileRef = C7FE6E0A606FE404F2499742 /* Pods_Itspay.framework */; };
		ED1A3A041DFFA73100D9C878 /* TextFieldMasks.swift in Sources */ = {isa = PBXBuildFile; fileRef = ED1A3A021DFFA73100D9C878 /* TextFieldMasks.swift */; };
		ED1A3A061DFFA90100D9C878 /* LocalAuthentication.framework in Frameworks */ = {isa = PBXBuildFile; fileRef = ED1A3A051DFFA90100D9C878 /* LocalAuthentication.framework */; };
		ED36D9E61E22AD3A002EA07F /* ItensPedido.swift in Sources */ = {isa = PBXBuildFile; fileRef = ED36D9E41E22AD3A002EA07F /* ItensPedido.swift */; };
		ED36D9E71E22AD3A002EA07F /* MyRequestDetail.swift in Sources */ = {isa = PBXBuildFile; fileRef = ED36D9E51E22AD3A002EA07F /* MyRequestDetail.swift */; };
		ED36D9E91E22AFE7002EA07F /* ShippingItemView.swift in Sources */ = {isa = PBXBuildFile; fileRef = ED36D9E81E22AFE7002EA07F /* ShippingItemView.swift */; };
		ED36D9EB1E245480002EA07F /* ShippingChooseCardView.swift in Sources */ = {isa = PBXBuildFile; fileRef = ED36D9EA1E245480002EA07F /* ShippingChooseCardView.swift */; };
		ED36D9ED1E245F05002EA07F /* InstallmentPaymentChooseView.swift in Sources */ = {isa = PBXBuildFile; fileRef = ED36D9EC1E245F05002EA07F /* InstallmentPaymentChooseView.swift */; };
		ED36D9EF1E246018002EA07F /* InstallmentPayment.swift in Sources */ = {isa = PBXBuildFile; fileRef = ED36D9EE1E246018002EA07F /* InstallmentPayment.swift */; };
		ED36D9F11E24F3DF002EA07F /* ShippingSummaryView.swift in Sources */ = {isa = PBXBuildFile; fileRef = ED36D9F01E24F3DF002EA07F /* ShippingSummaryView.swift */; };
		ED36D9F71E250BB0002EA07F /* ShippingPaymentView.swift in Sources */ = {isa = PBXBuildFile; fileRef = ED36D9F61E250BB0002EA07F /* ShippingPaymentView.swift */; };
		ED3913281E088899001B506D /* DataTransacao.swift in Sources */ = {isa = PBXBuildFile; fileRef = ED3913261E088899001B506D /* DataTransacao.swift */; };
		ED3913291E088899001B506D /* VirtualCardStatement.swift in Sources */ = {isa = PBXBuildFile; fileRef = ED3913271E088899001B506D /* VirtualCardStatement.swift */; };
		ED39132B1E0971A8001B506D /* PreferencesView.swift in Sources */ = {isa = PBXBuildFile; fileRef = ED39132A1E0971A8001B506D /* PreferencesView.swift */; };
		ED39132E1E098607001B506D /* CartView.swift in Sources */ = {isa = PBXBuildFile; fileRef = ED39132D1E098607001B506D /* CartView.swift */; };
		ED3913301E09865B001B506D /* HighlightsView.swift in Sources */ = {isa = PBXBuildFile; fileRef = ED39132F1E09865B001B506D /* HighlightsView.swift */; };
		ED3913321E09868B001B506D /* MarketPlace.storyboard in Resources */ = {isa = PBXBuildFile; fileRef = ED3913311E09868B001B506D /* MarketPlace.storyboard */; };
		ED39133B1E0AE1F7001B506D /* AlertComponent.swift in Sources */ = {isa = PBXBuildFile; fileRef = ED39133A1E0AE1F7001B506D /* AlertComponent.swift */; };
		ED3A02E11E0B0E91000BCE53 /* Settings.bundle in Resources */ = {isa = PBXBuildFile; fileRef = ED3A02E01E0B0E91000BCE53 /* Settings.bundle */; };
		ED3A02E51E0C00B7000BCE53 /* TransferMainView.swift in Sources */ = {isa = PBXBuildFile; fileRef = ED3A02E41E0C00B7000BCE53 /* TransferMainView.swift */; };
		ED3A02E81E0C00F8000BCE53 /* TransferFinancialCard.swift in Sources */ = {isa = PBXBuildFile; fileRef = ED3A02E71E0C00F8000BCE53 /* TransferFinancialCard.swift */; };
		ED3A02EA1E0C011B000BCE53 /* TransferOtherAccount.swift in Sources */ = {isa = PBXBuildFile; fileRef = ED3A02E91E0C011B000BCE53 /* TransferOtherAccount.swift */; };
		ED3A02ED1E0C4E27000BCE53 /* SecuritySettingsView.swift in Sources */ = {isa = PBXBuildFile; fileRef = ED3A02EC1E0C4E27000BCE53 /* SecuritySettingsView.swift */; };
		ED3A02F01E0C5889000BCE53 /* RatesView.swift in Sources */ = {isa = PBXBuildFile; fileRef = ED3A02EF1E0C5889000BCE53 /* RatesView.swift */; };
		ED3A02F21E0C6AD5000BCE53 /* Bank.swift in Sources */ = {isa = PBXBuildFile; fileRef = ED3A02F11E0C6AD5000BCE53 /* Bank.swift */; };
		ED40D2741E43CAF500BD713C /* ImageStorage.swift in Sources */ = {isa = PBXBuildFile; fileRef = ED40D2731E43CAF500BD713C /* ImageStorage.swift */; };
		ED4F9F6A1E19653C00F99162 /* LaunchScreenView.swift in Sources */ = {isa = PBXBuildFile; fileRef = ED4F9F691E19653C00F99162 /* LaunchScreenView.swift */; };
		ED4F9F6C1E19705700F99162 /* ProductReferencesView.swift in Sources */ = {isa = PBXBuildFile; fileRef = ED4F9F6B1E19705700F99162 /* ProductReferencesView.swift */; };
		ED4F9F6F1E19C68C00F99162 /* Button.swift in Sources */ = {isa = PBXBuildFile; fileRef = ED4F9F6E1E19C68C00F99162 /* Button.swift */; };
		ED525FF01E1BFBD000881184 /* iCarousel.m in Sources */ = {isa = PBXBuildFile; fileRef = ED525FEF1E1BFBD000881184 /* iCarousel.m */; };
		ED525FF21E1D45CF00881184 /* RequestNewVirtualCardTermsView.swift in Sources */ = {isa = PBXBuildFile; fileRef = ED525FF11E1D45CF00881184 /* RequestNewVirtualCardTermsView.swift */; };
		ED525FF41E1D85C600881184 /* ForgotPassowordView.swift in Sources */ = {isa = PBXBuildFile; fileRef = ED525FF31E1D85C600881184 /* ForgotPassowordView.swift */; };
		ED525FF61E1DE64B00881184 /* ShippingFormsView.swift in Sources */ = {isa = PBXBuildFile; fileRef = ED525FF51E1DE64B00881184 /* ShippingFormsView.swift */; };
		ED525FF91E203BE000881184 /* Address.swift in Sources */ = {isa = PBXBuildFile; fileRef = ED525FF71E203BE000881184 /* Address.swift */; };
		ED525FFA1E203BE000881184 /* TipoEndereco.swift in Sources */ = {isa = PBXBuildFile; fileRef = ED525FF81E203BE000881184 /* TipoEndereco.swift */; };
		ED525FFE1E2040F300881184 /* ShippingFormsChooseView.swift in Sources */ = {isa = PBXBuildFile; fileRef = ED525FFD1E2040F300881184 /* ShippingFormsChooseView.swift */; };
		ED5260001E2044F000881184 /* AddressChooseView.swift in Sources */ = {isa = PBXBuildFile; fileRef = ED525FFF1E2044F000881184 /* AddressChooseView.swift */; };
		ED5260021E20488600881184 /* ShippingForm.swift in Sources */ = {isa = PBXBuildFile; fileRef = ED5260011E20488600881184 /* ShippingForm.swift */; };
		ED5260041E204CC000881184 /* MyRequestsView.swift in Sources */ = {isa = PBXBuildFile; fileRef = ED5260031E204CC000881184 /* MyRequestsView.swift */; };
		ED5260071E208CFE00881184 /* DataHoraPedido.swift in Sources */ = {isa = PBXBuildFile; fileRef = ED5260051E208CFE00881184 /* DataHoraPedido.swift */; };
		ED5260081E208CFE00881184 /* MyRequest.swift in Sources */ = {isa = PBXBuildFile; fileRef = ED5260061E208CFE00881184 /* MyRequest.swift */; };
		ED52600A1E208E3E00881184 /* MyRequestDetailView.swift in Sources */ = {isa = PBXBuildFile; fileRef = ED5260091E208E3E00881184 /* MyRequestDetailView.swift */; };
		ED52600D1E226A9900881184 /* HALTER__.ttf in Resources */ = {isa = PBXBuildFile; fileRef = ED52600C1E226A9900881184 /* HALTER__.ttf */; };
		ED52600F1E226EE500881184 /* kredit front.ttf in Resources */ = {isa = PBXBuildFile; fileRef = ED52600E1E226EE500881184 /* kredit front.ttf */; };
		ED5260111E22742500881184 /* ErrorView.xib in Resources */ = {isa = PBXBuildFile; fileRef = ED5260101E22742500881184 /* ErrorView.xib */; };
		ED5260131E22749700881184 /* ErrorView.swift in Sources */ = {isa = PBXBuildFile; fileRef = ED5260121E22749700881184 /* ErrorView.swift */; };
		ED5322A01E056C25005ACBD2 /* mocks.plist in Resources */ = {isa = PBXBuildFile; fileRef = ED53229F1E056C25005ACBD2 /* mocks.plist */; };
		ED5322A21E056CD4005ACBD2 /* config.plist in Resources */ = {isa = PBXBuildFile; fileRef = ED5322A11E056CD4005ACBD2 /* config.plist */; };
		ED5322A41E05B291005ACBD2 /* DetailCardsView.swift in Sources */ = {isa = PBXBuildFile; fileRef = ED5322A31E05B291005ACBD2 /* DetailCardsView.swift */; };
		ED599DC41E0070D7004EC753 /* Connection.swift in Sources */ = {isa = PBXBuildFile; fileRef = ED599DC31E0070D7004EC753 /* Connection.swift */; };
		ED599DC91E007537004EC753 /* Chronology.swift in Sources */ = {isa = PBXBuildFile; fileRef = ED599DC61E007537004EC753 /* Chronology.swift */; };
		ED599DCA1E007537004EC753 /* DataHoraUltimoAcessso.swift in Sources */ = {isa = PBXBuildFile; fileRef = ED599DC71E007537004EC753 /* DataHoraUltimoAcessso.swift */; };
		ED599DCB1E007537004EC753 /* LoginResponseObject.swift in Sources */ = {isa = PBXBuildFile; fileRef = ED599DC81E007537004EC753 /* LoginResponseObject.swift */; };
		ED6FC3641E11BF7200AD4562 /* Ticket.swift in Sources */ = {isa = PBXBuildFile; fileRef = ED6FC3631E11BF7200AD4562 /* Ticket.swift */; };
		ED6FC3691E11F95600AD4562 /* RequestVirtualCardsView.swift in Sources */ = {isa = PBXBuildFile; fileRef = ED6FC3681E11F95600AD4562 /* RequestVirtualCardsView.swift */; };
		ED6FC36B1E11FB1600AD4562 /* ResquestNewVirtualCardView.swift in Sources */ = {isa = PBXBuildFile; fileRef = ED6FC36A1E11FB1600AD4562 /* ResquestNewVirtualCardView.swift */; };
		ED6FC36D1E12061900AD4562 /* NewVirtualCard.swift in Sources */ = {isa = PBXBuildFile; fileRef = ED6FC36C1E12061900AD4562 /* NewVirtualCard.swift */; };
		ED6FC3711E12D84100AD4562 /* Tariff.swift in Sources */ = {isa = PBXBuildFile; fileRef = ED6FC3701E12D84000AD4562 /* Tariff.swift */; };
		ED6FC3731E12DCB000AD4562 /* SecuritySettings.swift in Sources */ = {isa = PBXBuildFile; fileRef = ED6FC3721E12DCB000AD4562 /* SecuritySettings.swift */; };
		ED713DEA1E02FA6800E4D8E1 /* CardsTabBarController.swift in Sources */ = {isa = PBXBuildFile; fileRef = ED713DE91E02FA6800E4D8E1 /* CardsTabBarController.swift */; };
		ED713DF11E031F0E00E4D8E1 /* Credenciais.swift in Sources */ = {isa = PBXBuildFile; fileRef = ED713DEE1E031F0E00E4D8E1 /* Credenciais.swift */; };
		ED713DF21E031F0E00E4D8E1 /* DataHoraInclusao.swift in Sources */ = {isa = PBXBuildFile; fileRef = ED713DEF1E031F0E00E4D8E1 /* DataHoraInclusao.swift */; };
		ED713DF31E031F0E00E4D8E1 /* DataValidade.swift in Sources */ = {isa = PBXBuildFile; fileRef = ED713DF01E031F0E00E4D8E1 /* DataValidade.swift */; };
		ED713DF61E03E62300E4D8E1 /* LoadingProgress.swift in Sources */ = {isa = PBXBuildFile; fileRef = ED713DF51E03E62300E4D8E1 /* LoadingProgress.swift */; };
		ED791B681E006292002C4A70 /* WebView.swift in Sources */ = {isa = PBXBuildFile; fileRef = ED791B671E006292002C4A70 /* WebView.swift */; };
		ED791B6A1E00629A002C4A70 /* General.storyboard in Resources */ = {isa = PBXBuildFile; fileRef = ED791B691E00629A002C4A70 /* General.storyboard */; };
		ED791B6C1E0066FA002C4A70 /* services.plist in Resources */ = {isa = PBXBuildFile; fileRef = ED791B6B1E0066FA002C4A70 /* services.plist */; };
		ED8AF3751DFF85C100EBB73F /* AppDelegate.swift in Sources */ = {isa = PBXBuildFile; fileRef = ED8AF3741DFF85C100EBB73F /* AppDelegate.swift */; };
		ED8AF37C1DFF85C100EBB73F /* Cards.storyboard in Resources */ = {isa = PBXBuildFile; fileRef = ED8AF37A1DFF85C100EBB73F /* Cards.storyboard */; };
		ED8AF37E1DFF85C100EBB73F /* Assets.xcassets in Resources */ = {isa = PBXBuildFile; fileRef = ED8AF37D1DFF85C100EBB73F /* Assets.xcassets */; };
		ED8AF3811DFF85C100EBB73F /* LaunchScreen.storyboard in Resources */ = {isa = PBXBuildFile; fileRef = ED8AF37F1DFF85C100EBB73F /* LaunchScreen.storyboard */; };
		ED8AF38C1DFF85C100EBB73F /* ItspayTests.swift in Sources */ = {isa = PBXBuildFile; fileRef = ED8AF38B1DFF85C100EBB73F /* ItspayTests.swift */; };
		ED8AF3971DFF85C100EBB73F /* ItspayUITests.swift in Sources */ = {isa = PBXBuildFile; fileRef = ED8AF3961DFF85C100EBB73F /* ItspayUITests.swift */; };
		ED8AF3A51DFF862500EBB73F /* Login.storyboard in Resources */ = {isa = PBXBuildFile; fileRef = ED8AF3A41DFF862500EBB73F /* Login.storyboard */; };
		ED8AF3AE1DFF86B600EBB73F /* LoginView.swift in Sources */ = {isa = PBXBuildFile; fileRef = ED8AF3AD1DFF86B600EBB73F /* LoginView.swift */; };
		ED8AF3B01DFF86C100EBB73F /* RegisterView.swift in Sources */ = {isa = PBXBuildFile; fileRef = ED8AF3AF1DFF86C100EBB73F /* RegisterView.swift */; };
		ED8AF3B21DFF86DF00EBB73F /* CardsView.swift in Sources */ = {isa = PBXBuildFile; fileRef = ED8AF3B11DFF86DF00EBB73F /* CardsView.swift */; };
		ED8AF3B61DFF89D800EBB73F /* Extensions.swift in Sources */ = {isa = PBXBuildFile; fileRef = ED8AF3B51DFF89D800EBB73F /* Extensions.swift */; };
		ED8AF3B91DFF89F600EBB73F /* DateFormatterComponent.swift in Sources */ = {isa = PBXBuildFile; fileRef = ED8AF3B81DFF89F600EBB73F /* DateFormatterComponent.swift */; };
		ED8AF3C51DFF8A8D00EBB73F /* Session.swift in Sources */ = {isa = PBXBuildFile; fileRef = ED8AF3C41DFF8A8D00EBB73F /* Session.swift */; };
		ED8AF3CA1DFF8ABC00EBB73F /* TouchID.swift in Sources */ = {isa = PBXBuildFile; fileRef = ED8AF3C81DFF8ABC00EBB73F /* TouchID.swift */; };
		ED8AF3CD1DFF8B1300EBB73F /* Repository.swift in Sources */ = {isa = PBXBuildFile; fileRef = ED8AF3CC1DFF8B1300EBB73F /* Repository.swift */; };
		ED9291B61E0233AF00F00F00 /* Constants.swift in Sources */ = {isa = PBXBuildFile; fileRef = ED9291B51E0233AF00F00F00 /* Constants.swift */; };
		ED9291B81E02349300F00F00 /* RegisterLoginObject.swift in Sources */ = {isa = PBXBuildFile; fileRef = ED9291B71E02349300F00F00 /* RegisterLoginObject.swift */; };
		ED9B8A651E2D3F1100BF8632 /* CardInfoView.xib in Resources */ = {isa = PBXBuildFile; fileRef = ED9B8A641E2D3F1100BF8632 /* CardInfoView.xib */; };
		ED9B8A671E2D3F6300BF8632 /* CardInfoView.swift in Sources */ = {isa = PBXBuildFile; fileRef = ED9B8A661E2D3F6300BF8632 /* CardInfoView.swift */; };
		EDAB8A741E007A8D00C91453 /* LoginRequestObject.swift in Sources */ = {isa = PBXBuildFile; fileRef = EDAB8A731E007A8D00C91453 /* LoginRequestObject.swift */; };
		EDAB8A791E007D5600C91453 /* LoginController.swift in Sources */ = {isa = PBXBuildFile; fileRef = EDAB8A781E007D5600C91453 /* LoginController.swift */; };
		EDAB8A7C1E007E6100C91453 /* System.swift in Sources */ = {isa = PBXBuildFile; fileRef = EDAB8A7B1E007E6100C91453 /* System.swift */; };
		EDB8CADC1E119A5F00BC8089 /* ChargeView.swift in Sources */ = {isa = PBXBuildFile; fileRef = EDB8CADB1E119A5F00BC8089 /* ChargeView.swift */; };
		EDBBDCD01DFFAD0000EB469A /* MainView.swift in Sources */ = {isa = PBXBuildFile; fileRef = EDBBDCCF1DFFAD0000EB469A /* MainView.swift */; };
		EDC9F8201E07EF5800B0DD37 /* SideMenuTableViewController.swift in Sources */ = {isa = PBXBuildFile; fileRef = EDC9F81F1E07EF5800B0DD37 /* SideMenuTableViewController.swift */; };
		EDC9F8231E07F00900B0DD37 /* SideMenuObject.swift in Sources */ = {isa = PBXBuildFile; fileRef = EDC9F8221E07F00900B0DD37 /* SideMenuObject.swift */; };
		EDC9F8251E07F70700B0DD37 /* CardsController.swift in Sources */ = {isa = PBXBuildFile; fileRef = EDC9F8241E07F70700B0DD37 /* CardsController.swift */; };
		EDD681511E00E3C300E9017F /* ErrorObject.swift in Sources */ = {isa = PBXBuildFile; fileRef = EDD6814F1E00E3C300E9017F /* ErrorObject.swift */; };
		EDD681521E00E3C300E9017F /* FieldErrors.swift in Sources */ = {isa = PBXBuildFile; fileRef = EDD681501E00E3C300E9017F /* FieldErrors.swift */; };
		EDD681551E00EB9A00E9017F /* General.swift in Sources */ = {isa = PBXBuildFile; fileRef = EDD681541E00EB9A00E9017F /* General.swift */; };
		EDD681581E00EC9F00E9017F /* CoreLocation.framework in Frameworks */ = {isa = PBXBuildFile; fileRef = EDD681571E00EC9F00E9017F /* CoreLocation.framework */; };
		EDD6815A1E00ED1A00E9017F /* Location.swift in Sources */ = {isa = PBXBuildFile; fileRef = EDD681591E00ED1A00E9017F /* Location.swift */; };
		EDFB60EB1E15845300C24A4E /* CarrierInfo.swift in Sources */ = {isa = PBXBuildFile; fileRef = EDFB60EA1E15845300C24A4E /* CarrierInfo.swift */; };
		EDFB60F51E15F06500C24A4E /* Caracteristicas.swift in Sources */ = {isa = PBXBuildFile; fileRef = EDFB60EC1E15F06500C24A4E /* Caracteristicas.swift */; };
		EDFB60F61E15F06500C24A4E /* Categorias.swift in Sources */ = {isa = PBXBuildFile; fileRef = EDFB60ED1E15F06500C24A4E /* Categorias.swift */; };
		EDFB60F71E15F06500C24A4E /* DataHoraStatus.swift in Sources */ = {isa = PBXBuildFile; fileRef = EDFB60EE1E15F06500C24A4E /* DataHoraStatus.swift */; };
		EDFB60F81E15F06500C24A4E /* Imagens.swift in Sources */ = {isa = PBXBuildFile; fileRef = EDFB60EF1E15F06500C24A4E /* Imagens.swift */; };
		EDFB60F91E15F06500C24A4E /* PalavrasChaves.swift in Sources */ = {isa = PBXBuildFile; fileRef = EDFB60F01E15F06500C24A4E /* PalavrasChaves.swift */; };
		EDFB60FA1E15F06500C24A4E /* ProductPartner.swift in Sources */ = {isa = PBXBuildFile; fileRef = EDFB60F11E15F06500C24A4E /* ProductPartner.swift */; };
		EDFB60FB1E15F06500C24A4E /* Produtos.swift in Sources */ = {isa = PBXBuildFile; fileRef = EDFB60F21E15F06500C24A4E /* Produtos.swift */; };
		EDFB60FC1E15F06500C24A4E /* Referencias.swift in Sources */ = {isa = PBXBuildFile; fileRef = EDFB60F31E15F06500C24A4E /* Referencias.swift */; };
		EDFB60FD1E15F06500C24A4E /* Unidades.swift in Sources */ = {isa = PBXBuildFile; fileRef = EDFB60F41E15F06500C24A4E /* Unidades.swift */; };
		EDFB60FF1E15F10000C24A4E /* MarketPlaceController.swift in Sources */ = {isa = PBXBuildFile; fileRef = EDFB60FE1E15F10000C24A4E /* MarketPlaceController.swift */; };
		EDFB61011E17E2EF00C24A4E /* DetailProductView.swift in Sources */ = {isa = PBXBuildFile; fileRef = EDFB61001E17E2EF00C24A4E /* DetailProductView.swift */; };
		F0A284C27688A3D5CB14C2F9 /* Pods_ItspayTests.framework in Frameworks */ = {isa = PBXBuildFile; fileRef = 99503E89C7FEC046AF52FBE5 /* Pods_ItspayTests.framework */; };
/* End PBXBuildFile section */

/* Begin PBXContainerItemProxy section */
		ED8AF3881DFF85C100EBB73F /* PBXContainerItemProxy */ = {
			isa = PBXContainerItemProxy;
			containerPortal = ED8AF3691DFF85C000EBB73F /* Project object */;
			proxyType = 1;
			remoteGlobalIDString = ED8AF3701DFF85C000EBB73F;
			remoteInfo = Itspay;
		};
		ED8AF3931DFF85C100EBB73F /* PBXContainerItemProxy */ = {
			isa = PBXContainerItemProxy;
			containerPortal = ED8AF3691DFF85C000EBB73F /* Project object */;
			proxyType = 1;
			remoteGlobalIDString = ED8AF3701DFF85C000EBB73F;
			remoteInfo = Itspay;
		};
/* End PBXContainerItemProxy section */

/* Begin PBXFileReference section */
		00EC758617B7E9C8A3FE21FF /* Pods-Itspay.debug.xcconfig */ = {isa = PBXFileReference; includeInIndex = 1; lastKnownFileType = text.xcconfig; name = "Pods-Itspay.debug.xcconfig"; path = "Pods/Target Support Files/Pods-Itspay/Pods-Itspay.debug.xcconfig"; sourceTree = "<group>"; };
		4D5160D1E1FA73682CD5145B /* Pods-ItspayTests.debug.xcconfig */ = {isa = PBXFileReference; includeInIndex = 1; lastKnownFileType = text.xcconfig; name = "Pods-ItspayTests.debug.xcconfig"; path = "Pods/Target Support Files/Pods-ItspayTests/Pods-ItspayTests.debug.xcconfig"; sourceTree = "<group>"; };
		550E2378031139046D303EB6 /* Pods-Itspay.release.xcconfig */ = {isa = PBXFileReference; includeInIndex = 1; lastKnownFileType = text.xcconfig; name = "Pods-Itspay.release.xcconfig"; path = "Pods/Target Support Files/Pods-Itspay/Pods-Itspay.release.xcconfig"; sourceTree = "<group>"; };
		7D3086FF01FA91BB2DF7F6C2 /* Pods-ItspayTests.release.xcconfig */ = {isa = PBXFileReference; includeInIndex = 1; lastKnownFileType = text.xcconfig; name = "Pods-ItspayTests.release.xcconfig"; path = "Pods/Target Support Files/Pods-ItspayTests/Pods-ItspayTests.release.xcconfig"; sourceTree = "<group>"; };
		99503E89C7FEC046AF52FBE5 /* Pods_ItspayTests.framework */ = {isa = PBXFileReference; explicitFileType = wrapper.framework; includeInIndex = 0; path = Pods_ItspayTests.framework; sourceTree = BUILT_PRODUCTS_DIR; };
		C7FE6E0A606FE404F2499742 /* Pods_Itspay.framework */ = {isa = PBXFileReference; explicitFileType = wrapper.framework; includeInIndex = 0; path = Pods_Itspay.framework; sourceTree = BUILT_PRODUCTS_DIR; };
		ED1A3A021DFFA73100D9C878 /* TextFieldMasks.swift */ = {isa = PBXFileReference; fileEncoding = 4; lastKnownFileType = sourcecode.swift; path = TextFieldMasks.swift; sourceTree = "<group>"; };
		ED1A3A051DFFA90100D9C878 /* LocalAuthentication.framework */ = {isa = PBXFileReference; lastKnownFileType = wrapper.framework; name = LocalAuthentication.framework; path = System/Library/Frameworks/LocalAuthentication.framework; sourceTree = SDKROOT; };
		ED36D9E41E22AD3A002EA07F /* ItensPedido.swift */ = {isa = PBXFileReference; fileEncoding = 4; lastKnownFileType = sourcecode.swift; path = ItensPedido.swift; sourceTree = "<group>"; };
		ED36D9E51E22AD3A002EA07F /* MyRequestDetail.swift */ = {isa = PBXFileReference; fileEncoding = 4; lastKnownFileType = sourcecode.swift; path = MyRequestDetail.swift; sourceTree = "<group>"; };
		ED36D9E81E22AFE7002EA07F /* ShippingItemView.swift */ = {isa = PBXFileReference; fileEncoding = 4; lastKnownFileType = sourcecode.swift; path = ShippingItemView.swift; sourceTree = "<group>"; };
		ED36D9EA1E245480002EA07F /* ShippingChooseCardView.swift */ = {isa = PBXFileReference; fileEncoding = 4; lastKnownFileType = sourcecode.swift; path = ShippingChooseCardView.swift; sourceTree = "<group>"; };
		ED36D9EC1E245F05002EA07F /* InstallmentPaymentChooseView.swift */ = {isa = PBXFileReference; fileEncoding = 4; lastKnownFileType = sourcecode.swift; path = InstallmentPaymentChooseView.swift; sourceTree = "<group>"; };
		ED36D9EE1E246018002EA07F /* InstallmentPayment.swift */ = {isa = PBXFileReference; fileEncoding = 4; lastKnownFileType = sourcecode.swift; path = InstallmentPayment.swift; sourceTree = "<group>"; };
		ED36D9F01E24F3DF002EA07F /* ShippingSummaryView.swift */ = {isa = PBXFileReference; fileEncoding = 4; lastKnownFileType = sourcecode.swift; path = ShippingSummaryView.swift; sourceTree = "<group>"; };
		ED36D9F61E250BB0002EA07F /* ShippingPaymentView.swift */ = {isa = PBXFileReference; fileEncoding = 4; lastKnownFileType = sourcecode.swift; path = ShippingPaymentView.swift; sourceTree = "<group>"; };
		ED3913261E088899001B506D /* DataTransacao.swift */ = {isa = PBXFileReference; fileEncoding = 4; lastKnownFileType = sourcecode.swift; path = DataTransacao.swift; sourceTree = "<group>"; };
		ED3913271E088899001B506D /* VirtualCardStatement.swift */ = {isa = PBXFileReference; fileEncoding = 4; lastKnownFileType = sourcecode.swift; path = VirtualCardStatement.swift; sourceTree = "<group>"; };
		ED39132A1E0971A8001B506D /* PreferencesView.swift */ = {isa = PBXFileReference; fileEncoding = 4; lastKnownFileType = sourcecode.swift; path = PreferencesView.swift; sourceTree = "<group>"; };
		ED39132D1E098607001B506D /* CartView.swift */ = {isa = PBXFileReference; fileEncoding = 4; lastKnownFileType = sourcecode.swift; path = CartView.swift; sourceTree = "<group>"; };
		ED39132F1E09865B001B506D /* HighlightsView.swift */ = {isa = PBXFileReference; fileEncoding = 4; lastKnownFileType = sourcecode.swift; path = HighlightsView.swift; sourceTree = "<group>"; };
		ED3913311E09868B001B506D /* MarketPlace.storyboard */ = {isa = PBXFileReference; fileEncoding = 4; lastKnownFileType = file.storyboard; path = MarketPlace.storyboard; sourceTree = "<group>"; };
		ED3913351E0AD6EF001B506D /* Itspay-Bridging-Header.h */ = {isa = PBXFileReference; lastKnownFileType = sourcecode.c.h; path = "Itspay-Bridging-Header.h"; sourceTree = "<group>"; };
		ED39133A1E0AE1F7001B506D /* AlertComponent.swift */ = {isa = PBXFileReference; fileEncoding = 4; lastKnownFileType = sourcecode.swift; path = AlertComponent.swift; sourceTree = "<group>"; };
		ED3A02E01E0B0E91000BCE53 /* Settings.bundle */ = {isa = PBXFileReference; lastKnownFileType = "wrapper.plug-in"; path = Settings.bundle; sourceTree = "<group>"; };
		ED3A02E41E0C00B7000BCE53 /* TransferMainView.swift */ = {isa = PBXFileReference; fileEncoding = 4; lastKnownFileType = sourcecode.swift; path = TransferMainView.swift; sourceTree = "<group>"; };
		ED3A02E71E0C00F8000BCE53 /* TransferFinancialCard.swift */ = {isa = PBXFileReference; fileEncoding = 4; lastKnownFileType = sourcecode.swift; path = TransferFinancialCard.swift; sourceTree = "<group>"; };
		ED3A02E91E0C011B000BCE53 /* TransferOtherAccount.swift */ = {isa = PBXFileReference; fileEncoding = 4; lastKnownFileType = sourcecode.swift; path = TransferOtherAccount.swift; sourceTree = "<group>"; };
		ED3A02EC1E0C4E27000BCE53 /* SecuritySettingsView.swift */ = {isa = PBXFileReference; fileEncoding = 4; lastKnownFileType = sourcecode.swift; path = SecuritySettingsView.swift; sourceTree = "<group>"; };
		ED3A02EF1E0C5889000BCE53 /* RatesView.swift */ = {isa = PBXFileReference; fileEncoding = 4; lastKnownFileType = sourcecode.swift; path = RatesView.swift; sourceTree = "<group>"; };
		ED3A02F11E0C6AD5000BCE53 /* Bank.swift */ = {isa = PBXFileReference; fileEncoding = 4; lastKnownFileType = sourcecode.swift; path = Bank.swift; sourceTree = "<group>"; };
		ED40D2731E43CAF500BD713C /* ImageStorage.swift */ = {isa = PBXFileReference; fileEncoding = 4; lastKnownFileType = sourcecode.swift; path = ImageStorage.swift; sourceTree = "<group>"; };
		ED4F9F691E19653C00F99162 /* LaunchScreenView.swift */ = {isa = PBXFileReference; fileEncoding = 4; lastKnownFileType = sourcecode.swift; path = LaunchScreenView.swift; sourceTree = "<group>"; };
		ED4F9F6B1E19705700F99162 /* ProductReferencesView.swift */ = {isa = PBXFileReference; fileEncoding = 4; lastKnownFileType = sourcecode.swift; path = ProductReferencesView.swift; sourceTree = "<group>"; };
		ED4F9F6E1E19C68C00F99162 /* Button.swift */ = {isa = PBXFileReference; fileEncoding = 4; lastKnownFileType = sourcecode.swift; path = Button.swift; sourceTree = "<group>"; };
		ED525FEE1E1BFBD000881184 /* iCarousel.h */ = {isa = PBXFileReference; fileEncoding = 4; lastKnownFileType = sourcecode.c.h; path = iCarousel.h; sourceTree = "<group>"; };
		ED525FEF1E1BFBD000881184 /* iCarousel.m */ = {isa = PBXFileReference; fileEncoding = 4; lastKnownFileType = sourcecode.c.objc; path = iCarousel.m; sourceTree = "<group>"; };
		ED525FF11E1D45CF00881184 /* RequestNewVirtualCardTermsView.swift */ = {isa = PBXFileReference; fileEncoding = 4; lastKnownFileType = sourcecode.swift; path = RequestNewVirtualCardTermsView.swift; sourceTree = "<group>"; };
		ED525FF31E1D85C600881184 /* ForgotPassowordView.swift */ = {isa = PBXFileReference; fileEncoding = 4; lastKnownFileType = sourcecode.swift; path = ForgotPassowordView.swift; sourceTree = "<group>"; };
		ED525FF51E1DE64B00881184 /* ShippingFormsView.swift */ = {isa = PBXFileReference; fileEncoding = 4; lastKnownFileType = sourcecode.swift; path = ShippingFormsView.swift; sourceTree = "<group>"; };
		ED525FF71E203BE000881184 /* Address.swift */ = {isa = PBXFileReference; fileEncoding = 4; lastKnownFileType = sourcecode.swift; path = Address.swift; sourceTree = "<group>"; };
		ED525FF81E203BE000881184 /* TipoEndereco.swift */ = {isa = PBXFileReference; fileEncoding = 4; lastKnownFileType = sourcecode.swift; path = TipoEndereco.swift; sourceTree = "<group>"; };
		ED525FFD1E2040F300881184 /* ShippingFormsChooseView.swift */ = {isa = PBXFileReference; fileEncoding = 4; lastKnownFileType = sourcecode.swift; path = ShippingFormsChooseView.swift; sourceTree = "<group>"; };
		ED525FFF1E2044F000881184 /* AddressChooseView.swift */ = {isa = PBXFileReference; fileEncoding = 4; lastKnownFileType = sourcecode.swift; path = AddressChooseView.swift; sourceTree = "<group>"; };
		ED5260011E20488600881184 /* ShippingForm.swift */ = {isa = PBXFileReference; fileEncoding = 4; lastKnownFileType = sourcecode.swift; path = ShippingForm.swift; sourceTree = "<group>"; };
		ED5260031E204CC000881184 /* MyRequestsView.swift */ = {isa = PBXFileReference; fileEncoding = 4; lastKnownFileType = sourcecode.swift; path = MyRequestsView.swift; sourceTree = "<group>"; };
		ED5260051E208CFE00881184 /* DataHoraPedido.swift */ = {isa = PBXFileReference; fileEncoding = 4; lastKnownFileType = sourcecode.swift; path = DataHoraPedido.swift; sourceTree = "<group>"; };
		ED5260061E208CFE00881184 /* MyRequest.swift */ = {isa = PBXFileReference; fileEncoding = 4; lastKnownFileType = sourcecode.swift; path = MyRequest.swift; sourceTree = "<group>"; };
		ED5260091E208E3E00881184 /* MyRequestDetailView.swift */ = {isa = PBXFileReference; fileEncoding = 4; lastKnownFileType = sourcecode.swift; path = MyRequestDetailView.swift; sourceTree = "<group>"; };
		ED52600C1E226A9900881184 /* HALTER__.ttf */ = {isa = PBXFileReference; lastKnownFileType = file; path = HALTER__.ttf; sourceTree = "<group>"; };
		ED52600E1E226EE500881184 /* kredit front.ttf */ = {isa = PBXFileReference; lastKnownFileType = file; path = "kredit front.ttf"; sourceTree = "<group>"; };
		ED5260101E22742500881184 /* ErrorView.xib */ = {isa = PBXFileReference; fileEncoding = 4; lastKnownFileType = file.xib; path = ErrorView.xib; sourceTree = "<group>"; };
		ED5260121E22749700881184 /* ErrorView.swift */ = {isa = PBXFileReference; fileEncoding = 4; lastKnownFileType = sourcecode.swift; path = ErrorView.swift; sourceTree = "<group>"; };
		ED53229F1E056C25005ACBD2 /* mocks.plist */ = {isa = PBXFileReference; fileEncoding = 4; lastKnownFileType = text.plist.xml; path = mocks.plist; sourceTree = "<group>"; };
		ED5322A11E056CD4005ACBD2 /* config.plist */ = {isa = PBXFileReference; fileEncoding = 4; lastKnownFileType = text.plist.xml; path = config.plist; sourceTree = "<group>"; };
		ED5322A31E05B291005ACBD2 /* DetailCardsView.swift */ = {isa = PBXFileReference; fileEncoding = 4; lastKnownFileType = sourcecode.swift; path = DetailCardsView.swift; sourceTree = "<group>"; };
		ED599DC31E0070D7004EC753 /* Connection.swift */ = {isa = PBXFileReference; fileEncoding = 4; lastKnownFileType = sourcecode.swift; path = Connection.swift; sourceTree = "<group>"; };
		ED599DC61E007537004EC753 /* Chronology.swift */ = {isa = PBXFileReference; fileEncoding = 4; lastKnownFileType = sourcecode.swift; path = Chronology.swift; sourceTree = "<group>"; };
		ED599DC71E007537004EC753 /* DataHoraUltimoAcessso.swift */ = {isa = PBXFileReference; fileEncoding = 4; lastKnownFileType = sourcecode.swift; path = DataHoraUltimoAcessso.swift; sourceTree = "<group>"; };
		ED599DC81E007537004EC753 /* LoginResponseObject.swift */ = {isa = PBXFileReference; fileEncoding = 4; lastKnownFileType = sourcecode.swift; path = LoginResponseObject.swift; sourceTree = "<group>"; };
		ED6FC3631E11BF7200AD4562 /* Ticket.swift */ = {isa = PBXFileReference; fileEncoding = 4; lastKnownFileType = sourcecode.swift; path = Ticket.swift; sourceTree = "<group>"; };
		ED6FC3681E11F95600AD4562 /* RequestVirtualCardsView.swift */ = {isa = PBXFileReference; fileEncoding = 4; lastKnownFileType = sourcecode.swift; path = RequestVirtualCardsView.swift; sourceTree = "<group>"; };
		ED6FC36A1E11FB1600AD4562 /* ResquestNewVirtualCardView.swift */ = {isa = PBXFileReference; fileEncoding = 4; lastKnownFileType = sourcecode.swift; path = ResquestNewVirtualCardView.swift; sourceTree = "<group>"; };
		ED6FC36C1E12061900AD4562 /* NewVirtualCard.swift */ = {isa = PBXFileReference; fileEncoding = 4; lastKnownFileType = sourcecode.swift; path = NewVirtualCard.swift; sourceTree = "<group>"; };
		ED6FC3701E12D84000AD4562 /* Tariff.swift */ = {isa = PBXFileReference; fileEncoding = 4; lastKnownFileType = sourcecode.swift; path = Tariff.swift; sourceTree = "<group>"; };
		ED6FC3721E12DCB000AD4562 /* SecuritySettings.swift */ = {isa = PBXFileReference; fileEncoding = 4; lastKnownFileType = sourcecode.swift; path = SecuritySettings.swift; sourceTree = "<group>"; };
		ED713DE91E02FA6800E4D8E1 /* CardsTabBarController.swift */ = {isa = PBXFileReference; fileEncoding = 4; lastKnownFileType = sourcecode.swift; path = CardsTabBarController.swift; sourceTree = "<group>"; };
		ED713DEE1E031F0E00E4D8E1 /* Credenciais.swift */ = {isa = PBXFileReference; fileEncoding = 4; lastKnownFileType = sourcecode.swift; path = Credenciais.swift; sourceTree = "<group>"; };
		ED713DEF1E031F0E00E4D8E1 /* DataHoraInclusao.swift */ = {isa = PBXFileReference; fileEncoding = 4; lastKnownFileType = sourcecode.swift; path = DataHoraInclusao.swift; sourceTree = "<group>"; };
		ED713DF01E031F0E00E4D8E1 /* DataValidade.swift */ = {isa = PBXFileReference; fileEncoding = 4; lastKnownFileType = sourcecode.swift; path = DataValidade.swift; sourceTree = "<group>"; };
		ED713DF51E03E62300E4D8E1 /* LoadingProgress.swift */ = {isa = PBXFileReference; fileEncoding = 4; lastKnownFileType = sourcecode.swift; path = LoadingProgress.swift; sourceTree = "<group>"; };
		ED791B671E006292002C4A70 /* WebView.swift */ = {isa = PBXFileReference; fileEncoding = 4; lastKnownFileType = sourcecode.swift; path = WebView.swift; sourceTree = "<group>"; };
		ED791B691E00629A002C4A70 /* General.storyboard */ = {isa = PBXFileReference; fileEncoding = 4; lastKnownFileType = file.storyboard; path = General.storyboard; sourceTree = "<group>"; };
		ED791B6B1E0066FA002C4A70 /* services.plist */ = {isa = PBXFileReference; fileEncoding = 4; lastKnownFileType = text.plist.xml; path = services.plist; sourceTree = "<group>"; };
		ED8AF3711DFF85C100EBB73F /* Itspay.app */ = {isa = PBXFileReference; explicitFileType = wrapper.application; includeInIndex = 0; path = Itspay.app; sourceTree = BUILT_PRODUCTS_DIR; };
		ED8AF3741DFF85C100EBB73F /* AppDelegate.swift */ = {isa = PBXFileReference; lastKnownFileType = sourcecode.swift; path = AppDelegate.swift; sourceTree = "<group>"; };
		ED8AF37B1DFF85C100EBB73F /* Base */ = {isa = PBXFileReference; lastKnownFileType = file.storyboard; name = Base; path = Base.lproj/Cards.storyboard; sourceTree = "<group>"; };
		ED8AF37D1DFF85C100EBB73F /* Assets.xcassets */ = {isa = PBXFileReference; lastKnownFileType = folder.assetcatalog; path = Assets.xcassets; sourceTree = "<group>"; };
		ED8AF3801DFF85C100EBB73F /* Base */ = {isa = PBXFileReference; lastKnownFileType = file.storyboard; name = Base; path = Base.lproj/LaunchScreen.storyboard; sourceTree = "<group>"; };
		ED8AF3821DFF85C100EBB73F /* Info.plist */ = {isa = PBXFileReference; lastKnownFileType = text.plist.xml; path = Info.plist; sourceTree = "<group>"; };
		ED8AF3871DFF85C100EBB73F /* ItspayTests.xctest */ = {isa = PBXFileReference; explicitFileType = wrapper.cfbundle; includeInIndex = 0; path = ItspayTests.xctest; sourceTree = BUILT_PRODUCTS_DIR; };
		ED8AF38B1DFF85C100EBB73F /* ItspayTests.swift */ = {isa = PBXFileReference; lastKnownFileType = sourcecode.swift; path = ItspayTests.swift; sourceTree = "<group>"; };
		ED8AF38D1DFF85C100EBB73F /* Info.plist */ = {isa = PBXFileReference; lastKnownFileType = text.plist.xml; path = Info.plist; sourceTree = "<group>"; };
		ED8AF3921DFF85C100EBB73F /* ItspayUITests.xctest */ = {isa = PBXFileReference; explicitFileType = wrapper.cfbundle; includeInIndex = 0; path = ItspayUITests.xctest; sourceTree = BUILT_PRODUCTS_DIR; };
		ED8AF3961DFF85C100EBB73F /* ItspayUITests.swift */ = {isa = PBXFileReference; lastKnownFileType = sourcecode.swift; path = ItspayUITests.swift; sourceTree = "<group>"; };
		ED8AF3981DFF85C100EBB73F /* Info.plist */ = {isa = PBXFileReference; lastKnownFileType = text.plist.xml; path = Info.plist; sourceTree = "<group>"; };
		ED8AF3A41DFF862500EBB73F /* Login.storyboard */ = {isa = PBXFileReference; fileEncoding = 4; lastKnownFileType = file.storyboard; path = Login.storyboard; sourceTree = "<group>"; };
		ED8AF3AD1DFF86B600EBB73F /* LoginView.swift */ = {isa = PBXFileReference; fileEncoding = 4; lastKnownFileType = sourcecode.swift; path = LoginView.swift; sourceTree = "<group>"; };
		ED8AF3AF1DFF86C100EBB73F /* RegisterView.swift */ = {isa = PBXFileReference; fileEncoding = 4; lastKnownFileType = sourcecode.swift; path = RegisterView.swift; sourceTree = "<group>"; };
		ED8AF3B11DFF86DF00EBB73F /* CardsView.swift */ = {isa = PBXFileReference; fileEncoding = 4; lastKnownFileType = sourcecode.swift; path = CardsView.swift; sourceTree = "<group>"; };
		ED8AF3B51DFF89D800EBB73F /* Extensions.swift */ = {isa = PBXFileReference; fileEncoding = 4; lastKnownFileType = sourcecode.swift; path = Extensions.swift; sourceTree = "<group>"; };
		ED8AF3B81DFF89F600EBB73F /* DateFormatterComponent.swift */ = {isa = PBXFileReference; fileEncoding = 4; lastKnownFileType = sourcecode.swift; path = DateFormatterComponent.swift; sourceTree = "<group>"; };
		ED8AF3C41DFF8A8D00EBB73F /* Session.swift */ = {isa = PBXFileReference; fileEncoding = 4; lastKnownFileType = sourcecode.swift; path = Session.swift; sourceTree = "<group>"; };
		ED8AF3C81DFF8ABC00EBB73F /* TouchID.swift */ = {isa = PBXFileReference; fileEncoding = 4; lastKnownFileType = sourcecode.swift; path = TouchID.swift; sourceTree = "<group>"; };
		ED8AF3CC1DFF8B1300EBB73F /* Repository.swift */ = {isa = PBXFileReference; fileEncoding = 4; lastKnownFileType = sourcecode.swift; path = Repository.swift; sourceTree = "<group>"; };
		ED9291B51E0233AF00F00F00 /* Constants.swift */ = {isa = PBXFileReference; fileEncoding = 4; lastKnownFileType = sourcecode.swift; path = Constants.swift; sourceTree = "<group>"; };
		ED9291B71E02349300F00F00 /* RegisterLoginObject.swift */ = {isa = PBXFileReference; fileEncoding = 4; lastKnownFileType = sourcecode.swift; path = RegisterLoginObject.swift; sourceTree = "<group>"; };
		ED93BF611E2A899F00F2C48A /* Itspay.entitlements */ = {isa = PBXFileReference; lastKnownFileType = text.plist.entitlements; path = Itspay.entitlements; sourceTree = "<group>"; };
		ED9B8A641E2D3F1100BF8632 /* CardInfoView.xib */ = {isa = PBXFileReference; fileEncoding = 4; lastKnownFileType = file.xib; path = CardInfoView.xib; sourceTree = "<group>"; };
		ED9B8A661E2D3F6300BF8632 /* CardInfoView.swift */ = {isa = PBXFileReference; fileEncoding = 4; lastKnownFileType = sourcecode.swift; path = CardInfoView.swift; sourceTree = "<group>"; };
		EDAB8A731E007A8D00C91453 /* LoginRequestObject.swift */ = {isa = PBXFileReference; fileEncoding = 4; lastKnownFileType = sourcecode.swift; path = LoginRequestObject.swift; sourceTree = "<group>"; };
		EDAB8A781E007D5600C91453 /* LoginController.swift */ = {isa = PBXFileReference; fileEncoding = 4; lastKnownFileType = sourcecode.swift; path = LoginController.swift; sourceTree = "<group>"; };
		EDAB8A7B1E007E6100C91453 /* System.swift */ = {isa = PBXFileReference; fileEncoding = 4; lastKnownFileType = sourcecode.swift; path = System.swift; sourceTree = "<group>"; };
		EDB8CADB1E119A5F00BC8089 /* ChargeView.swift */ = {isa = PBXFileReference; fileEncoding = 4; lastKnownFileType = sourcecode.swift; path = ChargeView.swift; sourceTree = "<group>"; };
		EDBBDCCF1DFFAD0000EB469A /* MainView.swift */ = {isa = PBXFileReference; fileEncoding = 4; lastKnownFileType = sourcecode.swift; path = MainView.swift; sourceTree = "<group>"; };
		EDC9F81F1E07EF5800B0DD37 /* SideMenuTableViewController.swift */ = {isa = PBXFileReference; fileEncoding = 4; lastKnownFileType = sourcecode.swift; path = SideMenuTableViewController.swift; sourceTree = "<group>"; };
		EDC9F8221E07F00900B0DD37 /* SideMenuObject.swift */ = {isa = PBXFileReference; fileEncoding = 4; lastKnownFileType = sourcecode.swift; path = SideMenuObject.swift; sourceTree = "<group>"; };
		EDC9F8241E07F70700B0DD37 /* CardsController.swift */ = {isa = PBXFileReference; fileEncoding = 4; lastKnownFileType = sourcecode.swift; path = CardsController.swift; sourceTree = "<group>"; };
		EDD6814F1E00E3C300E9017F /* ErrorObject.swift */ = {isa = PBXFileReference; fileEncoding = 4; lastKnownFileType = sourcecode.swift; path = ErrorObject.swift; sourceTree = "<group>"; };
		EDD681501E00E3C300E9017F /* FieldErrors.swift */ = {isa = PBXFileReference; fileEncoding = 4; lastKnownFileType = sourcecode.swift; path = FieldErrors.swift; sourceTree = "<group>"; };
		EDD681541E00EB9A00E9017F /* General.swift */ = {isa = PBXFileReference; fileEncoding = 4; lastKnownFileType = sourcecode.swift; path = General.swift; sourceTree = "<group>"; };
		EDD681571E00EC9F00E9017F /* CoreLocation.framework */ = {isa = PBXFileReference; lastKnownFileType = wrapper.framework; name = CoreLocation.framework; path = System/Library/Frameworks/CoreLocation.framework; sourceTree = SDKROOT; };
		EDD681591E00ED1A00E9017F /* Location.swift */ = {isa = PBXFileReference; fileEncoding = 4; lastKnownFileType = sourcecode.swift; path = Location.swift; sourceTree = "<group>"; };
		EDFB60EA1E15845300C24A4E /* CarrierInfo.swift */ = {isa = PBXFileReference; fileEncoding = 4; lastKnownFileType = sourcecode.swift; path = CarrierInfo.swift; sourceTree = "<group>"; };
		EDFB60EC1E15F06500C24A4E /* Caracteristicas.swift */ = {isa = PBXFileReference; fileEncoding = 4; lastKnownFileType = sourcecode.swift; path = Caracteristicas.swift; sourceTree = "<group>"; };
		EDFB60ED1E15F06500C24A4E /* Categorias.swift */ = {isa = PBXFileReference; fileEncoding = 4; lastKnownFileType = sourcecode.swift; path = Categorias.swift; sourceTree = "<group>"; };
		EDFB60EE1E15F06500C24A4E /* DataHoraStatus.swift */ = {isa = PBXFileReference; fileEncoding = 4; lastKnownFileType = sourcecode.swift; path = DataHoraStatus.swift; sourceTree = "<group>"; };
		EDFB60EF1E15F06500C24A4E /* Imagens.swift */ = {isa = PBXFileReference; fileEncoding = 4; lastKnownFileType = sourcecode.swift; path = Imagens.swift; sourceTree = "<group>"; };
		EDFB60F01E15F06500C24A4E /* PalavrasChaves.swift */ = {isa = PBXFileReference; fileEncoding = 4; lastKnownFileType = sourcecode.swift; path = PalavrasChaves.swift; sourceTree = "<group>"; };
		EDFB60F11E15F06500C24A4E /* ProductPartner.swift */ = {isa = PBXFileReference; fileEncoding = 4; lastKnownFileType = sourcecode.swift; path = ProductPartner.swift; sourceTree = "<group>"; };
		EDFB60F21E15F06500C24A4E /* Produtos.swift */ = {isa = PBXFileReference; fileEncoding = 4; lastKnownFileType = sourcecode.swift; path = Produtos.swift; sourceTree = "<group>"; };
		EDFB60F31E15F06500C24A4E /* Referencias.swift */ = {isa = PBXFileReference; fileEncoding = 4; lastKnownFileType = sourcecode.swift; path = Referencias.swift; sourceTree = "<group>"; };
		EDFB60F41E15F06500C24A4E /* Unidades.swift */ = {isa = PBXFileReference; fileEncoding = 4; lastKnownFileType = sourcecode.swift; path = Unidades.swift; sourceTree = "<group>"; };
		EDFB60FE1E15F10000C24A4E /* MarketPlaceController.swift */ = {isa = PBXFileReference; fileEncoding = 4; lastKnownFileType = sourcecode.swift; path = MarketPlaceController.swift; sourceTree = "<group>"; };
		EDFB61001E17E2EF00C24A4E /* DetailProductView.swift */ = {isa = PBXFileReference; fileEncoding = 4; lastKnownFileType = sourcecode.swift; path = DetailProductView.swift; sourceTree = "<group>"; };
/* End PBXFileReference section */

/* Begin PBXFrameworksBuildPhase section */
		ED8AF36E1DFF85C000EBB73F /* Frameworks */ = {
			isa = PBXFrameworksBuildPhase;
			buildActionMask = 2147483647;
			files = (
				EDD681581E00EC9F00E9017F /* CoreLocation.framework in Frameworks */,
				ED1A3A061DFFA90100D9C878 /* LocalAuthentication.framework in Frameworks */,
				111883999DDBBA4FEC83C510 /* Pods_Itspay.framework in Frameworks */,
			);
			runOnlyForDeploymentPostprocessing = 0;
		};
		ED8AF3841DFF85C100EBB73F /* Frameworks */ = {
			isa = PBXFrameworksBuildPhase;
			buildActionMask = 2147483647;
			files = (
				F0A284C27688A3D5CB14C2F9 /* Pods_ItspayTests.framework in Frameworks */,
			);
			runOnlyForDeploymentPostprocessing = 0;
		};
		ED8AF38F1DFF85C100EBB73F /* Frameworks */ = {
			isa = PBXFrameworksBuildPhase;
			buildActionMask = 2147483647;
			files = (
			);
			runOnlyForDeploymentPostprocessing = 0;
		};
/* End PBXFrameworksBuildPhase section */

/* Begin PBXGroup section */
		6AFE2308BDDE2C4EFED1B727 /* Frameworks */ = {
			isa = PBXGroup;
			children = (
				EDD681571E00EC9F00E9017F /* CoreLocation.framework */,
				ED1A3A051DFFA90100D9C878 /* LocalAuthentication.framework */,
				C7FE6E0A606FE404F2499742 /* Pods_Itspay.framework */,
				99503E89C7FEC046AF52FBE5 /* Pods_ItspayTests.framework */,
			);
			name = Frameworks;
			sourceTree = "<group>";
		};
		B0DC71CE05DB5A7FFF901FB2 /* Pods */ = {
			isa = PBXGroup;
			children = (
				00EC758617B7E9C8A3FE21FF /* Pods-Itspay.debug.xcconfig */,
				550E2378031139046D303EB6 /* Pods-Itspay.release.xcconfig */,
				4D5160D1E1FA73682CD5145B /* Pods-ItspayTests.debug.xcconfig */,
				7D3086FF01FA91BB2DF7F6C2 /* Pods-ItspayTests.release.xcconfig */,
			);
			name = Pods;
			sourceTree = "<group>";
		};
		ED1A3A001DFFA6FE00D9C878 /* Masks */ = {
			isa = PBXGroup;
			children = (
				ED1A3A021DFFA73100D9C878 /* TextFieldMasks.swift */,
			);
			name = Masks;
			sourceTree = "<group>";
		};
		ED36D9F21E24F3E4002EA07F /* Store */ = {
			isa = PBXGroup;
			children = (
				ED39132F1E09865B001B506D /* HighlightsView.swift */,
				EDFB61001E17E2EF00C24A4E /* DetailProductView.swift */,
				ED4F9F6B1E19705700F99162 /* ProductReferencesView.swift */,
			);
			name = Store;
			sourceTree = "<group>";
		};
		ED36D9F31E24F3EA002EA07F /* Shipping */ = {
			isa = PBXGroup;
			children = (
				ED525FF51E1DE64B00881184 /* ShippingFormsView.swift */,
				ED525FFF1E2044F000881184 /* AddressChooseView.swift */,
				ED525FFD1E2040F300881184 /* ShippingFormsChooseView.swift */,
				ED36D9E81E22AFE7002EA07F /* ShippingItemView.swift */,
				ED36D9EA1E245480002EA07F /* ShippingChooseCardView.swift */,
				ED36D9F01E24F3DF002EA07F /* ShippingSummaryView.swift */,
				ED36D9EC1E245F05002EA07F /* InstallmentPaymentChooseView.swift */,
				ED36D9F61E250BB0002EA07F /* ShippingPaymentView.swift */,
			);
			name = Shipping;
			sourceTree = "<group>";
		};
		ED36D9F41E24F3EF002EA07F /* MyRequests */ = {
			isa = PBXGroup;
			children = (
				ED5260031E204CC000881184 /* MyRequestsView.swift */,
				ED5260091E208E3E00881184 /* MyRequestDetailView.swift */,
			);
			name = MyRequests;
			sourceTree = "<group>";
		};
		ED36D9F51E24F3FC002EA07F /* Cart */ = {
			isa = PBXGroup;
			children = (
				ED39132D1E098607001B506D /* CartView.swift */,
			);
			name = Cart;
			sourceTree = "<group>";
		};
		ED39132C1E09859C001B506D /* MarketPlace */ = {
			isa = PBXGroup;
			children = (
				ED36D9F51E24F3FC002EA07F /* Cart */,
				ED36D9F41E24F3EF002EA07F /* MyRequests */,
				ED36D9F31E24F3EA002EA07F /* Shipping */,
				ED36D9F21E24F3E4002EA07F /* Store */,
				ED3913311E09868B001B506D /* MarketPlace.storyboard */,
			);
			name = MarketPlace;
			sourceTree = "<group>";
		};
		ED3913391E0AE148001B506D /* AlertComponent */ = {
			isa = PBXGroup;
			children = (
				ED39133A1E0AE1F7001B506D /* AlertComponent.swift */,
			);
			name = AlertComponent;
			sourceTree = "<group>";
		};
		ED3A02E31E0C008B000BCE53 /* Menu */ = {
			isa = PBXGroup;
			children = (
				ED6FC3671E11F92100AD4562 /* VirtualCardsList */,
				EDB8CADA1E119A4300BC8089 /* Charge */,
				ED3A02EE1E0C5875000BCE53 /* Rates */,
				ED3A02EB1E0C4E0D000BCE53 /* Security */,
				ED3A02E61E0C00B9000BCE53 /* Transfer */,
			);
			name = Menu;
			sourceTree = "<group>";
		};
		ED3A02E61E0C00B9000BCE53 /* Transfer */ = {
			isa = PBXGroup;
			children = (
				ED3A02E41E0C00B7000BCE53 /* TransferMainView.swift */,
				ED3A02E71E0C00F8000BCE53 /* TransferFinancialCard.swift */,
				ED3A02E91E0C011B000BCE53 /* TransferOtherAccount.swift */,
			);
			name = Transfer;
			sourceTree = "<group>";
		};
		ED3A02EB1E0C4E0D000BCE53 /* Security */ = {
			isa = PBXGroup;
			children = (
				ED3A02EC1E0C4E27000BCE53 /* SecuritySettingsView.swift */,
			);
			name = Security;
			sourceTree = "<group>";
		};
		ED3A02EE1E0C5875000BCE53 /* Rates */ = {
			isa = PBXGroup;
			children = (
				ED3A02EF1E0C5889000BCE53 /* RatesView.swift */,
			);
			name = Rates;
			sourceTree = "<group>";
		};
		ED40D2721E43CACD00BD713C /* ImageStorage */ = {
			isa = PBXGroup;
			children = (
				ED40D2731E43CAF500BD713C /* ImageStorage.swift */,
			);
			name = ImageStorage;
			sourceTree = "<group>";
		};
		ED4B3CA01E143E7700D4C1CE /* MarketPlace */ = {
			isa = PBXGroup;
			children = (
				ED36D9EE1E246018002EA07F /* InstallmentPayment.swift */,
				ED36D9E41E22AD3A002EA07F /* ItensPedido.swift */,
				ED36D9E51E22AD3A002EA07F /* MyRequestDetail.swift */,
				ED5260051E208CFE00881184 /* DataHoraPedido.swift */,
				ED5260061E208CFE00881184 /* MyRequest.swift */,
				ED5260011E20488600881184 /* ShippingForm.swift */,
				ED525FF71E203BE000881184 /* Address.swift */,
				ED525FF81E203BE000881184 /* TipoEndereco.swift */,
				EDFB60EC1E15F06500C24A4E /* Caracteristicas.swift */,
				EDFB60ED1E15F06500C24A4E /* Categorias.swift */,
				EDFB60EE1E15F06500C24A4E /* DataHoraStatus.swift */,
				EDFB60EF1E15F06500C24A4E /* Imagens.swift */,
				EDFB60F01E15F06500C24A4E /* PalavrasChaves.swift */,
				EDFB60F11E15F06500C24A4E /* ProductPartner.swift */,
				EDFB60F21E15F06500C24A4E /* Produtos.swift */,
				EDFB60F31E15F06500C24A4E /* Referencias.swift */,
				EDFB60F41E15F06500C24A4E /* Unidades.swift */,
			);
			name = MarketPlace;
			sourceTree = "<group>";
		};
		ED4F9F681E193C9D00F99162 /* LaunchScreen */ = {
			isa = PBXGroup;
			children = (
				ED4F9F691E19653C00F99162 /* LaunchScreenView.swift */,
				ED8AF37F1DFF85C100EBB73F /* LaunchScreen.storyboard */,
			);
			name = LaunchScreen;
			sourceTree = "<group>";
		};
		ED4F9F6D1E19C67D00F99162 /* Button */ = {
			isa = PBXGroup;
			children = (
				ED4F9F6E1E19C68C00F99162 /* Button.swift */,
			);
			name = Button;
			sourceTree = "<group>";
		};
		ED525FED1E1BFB6700881184 /* iCarousel */ = {
			isa = PBXGroup;
			children = (
				ED525FEE1E1BFBD000881184 /* iCarousel.h */,
				ED525FEF1E1BFBD000881184 /* iCarousel.m */,
			);
			name = iCarousel;
			sourceTree = "<group>";
		};
		ED52600B1E226A8800881184 /* Fonts */ = {
			isa = PBXGroup;
			children = (
				ED52600E1E226EE500881184 /* kredit front.ttf */,
				ED52600C1E226A9900881184 /* HALTER__.ttf */,
			);
			name = Fonts;
			sourceTree = "<group>";
		};
		ED599DC21E0070C2004EC753 /* Connection */ = {
			isa = PBXGroup;
			children = (
				ED599DC31E0070D7004EC753 /* Connection.swift */,
			);
			name = Connection;
			sourceTree = "<group>";
		};
		ED599DC51E00752D004EC753 /* Login */ = {
			isa = PBXGroup;
			children = (
				ED9291B71E02349300F00F00 /* RegisterLoginObject.swift */,
				EDAB8A731E007A8D00C91453 /* LoginRequestObject.swift */,
				ED599DC61E007537004EC753 /* Chronology.swift */,
				ED599DC71E007537004EC753 /* DataHoraUltimoAcessso.swift */,
				ED599DC81E007537004EC753 /* LoginResponseObject.swift */,
			);
			name = Login;
			sourceTree = "<group>";
		};
		ED6FC3671E11F92100AD4562 /* VirtualCardsList */ = {
			isa = PBXGroup;
			children = (
				ED6FC3681E11F95600AD4562 /* RequestVirtualCardsView.swift */,
				ED6FC36A1E11FB1600AD4562 /* ResquestNewVirtualCardView.swift */,
				ED525FF11E1D45CF00881184 /* RequestNewVirtualCardTermsView.swift */,
			);
			name = VirtualCardsList;
			sourceTree = "<group>";
		};
		ED713DED1E031EFA00E4D8E1 /* Cards */ = {
			isa = PBXGroup;
			children = (
				EDFB60EA1E15845300C24A4E /* CarrierInfo.swift */,
				ED6FC3721E12DCB000AD4562 /* SecuritySettings.swift */,
				ED6FC3701E12D84000AD4562 /* Tariff.swift */,
				ED6FC36C1E12061900AD4562 /* NewVirtualCard.swift */,
				ED6FC3631E11BF7200AD4562 /* Ticket.swift */,
				ED3A02F11E0C6AD5000BCE53 /* Bank.swift */,
				ED3913261E088899001B506D /* DataTransacao.swift */,
				ED3913271E088899001B506D /* VirtualCardStatement.swift */,
				ED713DEE1E031F0E00E4D8E1 /* Credenciais.swift */,
				ED713DEF1E031F0E00E4D8E1 /* DataHoraInclusao.swift */,
				ED713DF01E031F0E00E4D8E1 /* DataValidade.swift */,
			);
			name = Cards;
			sourceTree = "<group>";
		};
		ED713DF41E03E5EA00E4D8E1 /* LoadingProgress */ = {
			isa = PBXGroup;
			children = (
				ED713DF51E03E62300E4D8E1 /* LoadingProgress.swift */,
			);
			name = LoadingProgress;
			sourceTree = "<group>";
		};
		ED791B661E00627C002C4A70 /* General */ = {
			isa = PBXGroup;
			children = (
				ED791B671E006292002C4A70 /* WebView.swift */,
				EDC9F81F1E07EF5800B0DD37 /* SideMenuTableViewController.swift */,
				ED39132A1E0971A8001B506D /* PreferencesView.swift */,
				ED791B691E00629A002C4A70 /* General.storyboard */,
				ED5260121E22749700881184 /* ErrorView.swift */,
				ED5260101E22742500881184 /* ErrorView.xib */,
			);
			name = General;
			sourceTree = "<group>";
		};
		ED8AF3681DFF85C000EBB73F = {
			isa = PBXGroup;
			children = (
				ED8AF3731DFF85C100EBB73F /* Itspay */,
				ED8AF38A1DFF85C100EBB73F /* ItspayTests */,
				ED8AF3951DFF85C100EBB73F /* ItspayUITests */,
				ED8AF3721DFF85C100EBB73F /* Products */,
				B0DC71CE05DB5A7FFF901FB2 /* Pods */,
				6AFE2308BDDE2C4EFED1B727 /* Frameworks */,
			);
			sourceTree = "<group>";
		};
		ED8AF3721DFF85C100EBB73F /* Products */ = {
			isa = PBXGroup;
			children = (
				ED8AF3711DFF85C100EBB73F /* Itspay.app */,
				ED8AF3871DFF85C100EBB73F /* ItspayTests.xctest */,
				ED8AF3921DFF85C100EBB73F /* ItspayUITests.xctest */,
			);
			name = Products;
			sourceTree = "<group>";
		};
		ED8AF3731DFF85C100EBB73F /* Itspay */ = {
			isa = PBXGroup;
			children = (
				ED93BF611E2A899F00F2C48A /* Itspay.entitlements */,
				ED8AF3A91DFF863A00EBB73F /* Utils */,
				ED8AF3A81DFF863400EBB73F /* Service */,
				EDAB8A761E007D3100C91453 /* Controller */,
				ED8AF3A71DFF862F00EBB73F /* Model */,
				ED8AF3A61DFF862700EBB73F /* View */,
				ED8AF3B31DFF870800EBB73F /* Persistence */,
				ED8AF3AA1DFF864700EBB73F /* Files */,
				ED8AF3741DFF85C100EBB73F /* AppDelegate.swift */,
			);
			path = Itspay;
			sourceTree = "<group>";
		};
		ED8AF38A1DFF85C100EBB73F /* ItspayTests */ = {
			isa = PBXGroup;
			children = (
				ED8AF38B1DFF85C100EBB73F /* ItspayTests.swift */,
				ED8AF38D1DFF85C100EBB73F /* Info.plist */,
			);
			path = ItspayTests;
			sourceTree = "<group>";
		};
		ED8AF3951DFF85C100EBB73F /* ItspayUITests */ = {
			isa = PBXGroup;
			children = (
				ED8AF3961DFF85C100EBB73F /* ItspayUITests.swift */,
				ED8AF3981DFF85C100EBB73F /* Info.plist */,
			);
			path = ItspayUITests;
			sourceTree = "<group>";
		};
		ED8AF3A61DFF862700EBB73F /* View */ = {
			isa = PBXGroup;
			children = (
				ED791B661E00627C002C4A70 /* General */,
				ED39132C1E09859C001B506D /* MarketPlace */,
				ED8AF3AC1DFF867900EBB73F /* Cards */,
				ED8AF3AB1DFF866D00EBB73F /* Login & Register */,
				ED4F9F681E193C9D00F99162 /* LaunchScreen */,
			);
			name = View;
			sourceTree = "<group>";
		};
		ED8AF3A71DFF862F00EBB73F /* Model */ = {
			isa = PBXGroup;
			children = (
				ED4B3CA01E143E7700D4C1CE /* MarketPlace */,
				EDC9F8211E07EFF700B0DD37 /* General */,
				ED713DED1E031EFA00E4D8E1 /* Cards */,
				EDD6814E1E00E3B800E9017F /* JSON */,
				ED599DC51E00752D004EC753 /* Login */,
			);
			name = Model;
			sourceTree = "<group>";
		};
		ED8AF3A81DFF863400EBB73F /* Service */ = {
			isa = PBXGroup;
			children = (
			);
			name = Service;
			sourceTree = "<group>";
		};
		ED8AF3A91DFF863A00EBB73F /* Utils */ = {
			isa = PBXGroup;
			children = (
				ED40D2721E43CACD00BD713C /* ImageStorage */,
				ED525FED1E1BFB6700881184 /* iCarousel */,
				ED4F9F6D1E19C67D00F99162 /* Button */,
				ED3913391E0AE148001B506D /* AlertComponent */,
				ED713DF41E03E5EA00E4D8E1 /* LoadingProgress */,
				ED9291B41E0233A400F00F00 /* Constants */,
				EDD681561E00EC5300E9017F /* Location */,
				EDD681531E00EB8F00E9017F /* General */,
				EDAB8A7A1E007E3200C91453 /* System */,
				ED599DC21E0070C2004EC753 /* Connection */,
				ED1A3A001DFFA6FE00D9C878 /* Masks */,
				ED8AF3CB1DFF8ABE00EBB73F /* TouchID */,
				ED8AF3C61DFF8AA600EBB73F /* Repository */,
				ED8AF3C31DFF8A7E00EBB73F /* Session */,
				ED8AF3B71DFF89DC00EBB73F /* DateFormatter */,
				ED8AF3B41DFF89CC00EBB73F /* Extensions */,
				ED3913351E0AD6EF001B506D /* Itspay-Bridging-Header.h */,
			);
			name = Utils;
			sourceTree = "<group>";
		};
		ED8AF3AA1DFF864700EBB73F /* Files */ = {
			isa = PBXGroup;
			children = (
				ED52600B1E226A8800881184 /* Fonts */,
				ED8AF37D1DFF85C100EBB73F /* Assets.xcassets */,
				ED8AF3821DFF85C100EBB73F /* Info.plist */,
				ED791B6B1E0066FA002C4A70 /* services.plist */,
				ED53229F1E056C25005ACBD2 /* mocks.plist */,
				ED5322A11E056CD4005ACBD2 /* config.plist */,
				ED3A02E01E0B0E91000BCE53 /* Settings.bundle */,
			);
			name = Files;
			sourceTree = "<group>";
		};
		ED8AF3AB1DFF866D00EBB73F /* Login & Register */ = {
			isa = PBXGroup;
			children = (
				EDBBDCCF1DFFAD0000EB469A /* MainView.swift */,
				ED8AF3AD1DFF86B600EBB73F /* LoginView.swift */,
				ED8AF3AF1DFF86C100EBB73F /* RegisterView.swift */,
				ED525FF31E1D85C600881184 /* ForgotPassowordView.swift */,
				ED8AF3A41DFF862500EBB73F /* Login.storyboard */,
			);
			name = "Login & Register";
			sourceTree = "<group>";
		};
		ED8AF3AC1DFF867900EBB73F /* Cards */ = {
			isa = PBXGroup;
			children = (
				ED3A02E31E0C008B000BCE53 /* Menu */,
				ED713DE91E02FA6800E4D8E1 /* CardsTabBarController.swift */,
				ED8AF3B11DFF86DF00EBB73F /* CardsView.swift */,
				ED5322A31E05B291005ACBD2 /* DetailCardsView.swift */,
				ED8AF37A1DFF85C100EBB73F /* Cards.storyboard */,
				ED9B8A661E2D3F6300BF8632 /* CardInfoView.swift */,
				ED9B8A641E2D3F1100BF8632 /* CardInfoView.xib */,
			);
			name = Cards;
			sourceTree = "<group>";
		};
		ED8AF3B31DFF870800EBB73F /* Persistence */ = {
			isa = PBXGroup;
			children = (
			);
			name = Persistence;
			sourceTree = "<group>";
		};
		ED8AF3B41DFF89CC00EBB73F /* Extensions */ = {
			isa = PBXGroup;
			children = (
				ED8AF3B51DFF89D800EBB73F /* Extensions.swift */,
			);
			name = Extensions;
			sourceTree = "<group>";
		};
		ED8AF3B71DFF89DC00EBB73F /* DateFormatter */ = {
			isa = PBXGroup;
			children = (
				ED8AF3B81DFF89F600EBB73F /* DateFormatterComponent.swift */,
			);
			name = DateFormatter;
			sourceTree = "<group>";
		};
		ED8AF3C31DFF8A7E00EBB73F /* Session */ = {
			isa = PBXGroup;
			children = (
				ED8AF3C41DFF8A8D00EBB73F /* Session.swift */,
			);
			name = Session;
			sourceTree = "<group>";
		};
		ED8AF3C61DFF8AA600EBB73F /* Repository */ = {
			isa = PBXGroup;
			children = (
				ED8AF3CC1DFF8B1300EBB73F /* Repository.swift */,
			);
			name = Repository;
			sourceTree = "<group>";
		};
		ED8AF3CB1DFF8ABE00EBB73F /* TouchID */ = {
			isa = PBXGroup;
			children = (
				ED8AF3C81DFF8ABC00EBB73F /* TouchID.swift */,
			);
			name = TouchID;
			sourceTree = "<group>";
		};
		ED9291B41E0233A400F00F00 /* Constants */ = {
			isa = PBXGroup;
			children = (
				ED9291B51E0233AF00F00F00 /* Constants.swift */,
			);
			name = Constants;
			sourceTree = "<group>";
		};
		EDAB8A761E007D3100C91453 /* Controller */ = {
			isa = PBXGroup;
			children = (
				EDAB8A781E007D5600C91453 /* LoginController.swift */,
				EDC9F8241E07F70700B0DD37 /* CardsController.swift */,
				EDFB60FE1E15F10000C24A4E /* MarketPlaceController.swift */,
			);
			name = Controller;
			sourceTree = "<group>";
		};
		EDAB8A7A1E007E3200C91453 /* System */ = {
			isa = PBXGroup;
			children = (
				EDAB8A7B1E007E6100C91453 /* System.swift */,
			);
			name = System;
			sourceTree = "<group>";
		};
		EDB8CADA1E119A4300BC8089 /* Charge */ = {
			isa = PBXGroup;
			children = (
				EDB8CADB1E119A5F00BC8089 /* ChargeView.swift */,
			);
			name = Charge;
			sourceTree = "<group>";
		};
		EDC9F8211E07EFF700B0DD37 /* General */ = {
			isa = PBXGroup;
			children = (
				EDC9F8221E07F00900B0DD37 /* SideMenuObject.swift */,
			);
			name = General;
			sourceTree = "<group>";
		};
		EDD6814E1E00E3B800E9017F /* JSON */ = {
			isa = PBXGroup;
			children = (
				EDD6814F1E00E3C300E9017F /* ErrorObject.swift */,
				EDD681501E00E3C300E9017F /* FieldErrors.swift */,
			);
			name = JSON;
			sourceTree = "<group>";
		};
		EDD681531E00EB8F00E9017F /* General */ = {
			isa = PBXGroup;
			children = (
				EDD681541E00EB9A00E9017F /* General.swift */,
			);
			name = General;
			sourceTree = "<group>";
		};
		EDD681561E00EC5300E9017F /* Location */ = {
			isa = PBXGroup;
			children = (
				EDD681591E00ED1A00E9017F /* Location.swift */,
			);
			name = Location;
			sourceTree = "<group>";
		};
/* End PBXGroup section */

/* Begin PBXNativeTarget section */
		ED8AF3701DFF85C000EBB73F /* Itspay */ = {
			isa = PBXNativeTarget;
			buildConfigurationList = ED8AF39B1DFF85C100EBB73F /* Build configuration list for PBXNativeTarget "Itspay" */;
			buildPhases = (
				530516F44641A95A5B27CACC /* [CP] Check Pods Manifest.lock */,
				ED8AF36D1DFF85C000EBB73F /* Sources */,
				ED8AF36E1DFF85C000EBB73F /* Frameworks */,
				ED8AF36F1DFF85C000EBB73F /* Resources */,
				C63156CDED5A4E69E8F0842F /* [CP] Embed Pods Frameworks */,
				1A9F23733E083E753AE9E00F /* [CP] Copy Pods Resources */,
			);
			buildRules = (
			);
			dependencies = (
			);
			name = Itspay;
			productName = Itspay;
			productReference = ED8AF3711DFF85C100EBB73F /* Itspay.app */;
			productType = "com.apple.product-type.application";
		};
		ED8AF3861DFF85C100EBB73F /* ItspayTests */ = {
			isa = PBXNativeTarget;
			buildConfigurationList = ED8AF39E1DFF85C100EBB73F /* Build configuration list for PBXNativeTarget "ItspayTests" */;
			buildPhases = (
				DA27939EC2BEF65D95ACDDFD /* [CP] Check Pods Manifest.lock */,
				ED8AF3831DFF85C100EBB73F /* Sources */,
				ED8AF3841DFF85C100EBB73F /* Frameworks */,
				ED8AF3851DFF85C100EBB73F /* Resources */,
				2F717B417D88BF9001FDB0D5 /* [CP] Embed Pods Frameworks */,
				0ED71DBABE87B96502F1B333 /* [CP] Copy Pods Resources */,
			);
			buildRules = (
			);
			dependencies = (
				ED8AF3891DFF85C100EBB73F /* PBXTargetDependency */,
			);
			name = ItspayTests;
			productName = ItspayTests;
			productReference = ED8AF3871DFF85C100EBB73F /* ItspayTests.xctest */;
			productType = "com.apple.product-type.bundle.unit-test";
		};
		ED8AF3911DFF85C100EBB73F /* ItspayUITests */ = {
			isa = PBXNativeTarget;
			buildConfigurationList = ED8AF3A11DFF85C100EBB73F /* Build configuration list for PBXNativeTarget "ItspayUITests" */;
			buildPhases = (
				ED8AF38E1DFF85C100EBB73F /* Sources */,
				ED8AF38F1DFF85C100EBB73F /* Frameworks */,
				ED8AF3901DFF85C100EBB73F /* Resources */,
			);
			buildRules = (
			);
			dependencies = (
				ED8AF3941DFF85C100EBB73F /* PBXTargetDependency */,
			);
			name = ItspayUITests;
			productName = ItspayUITests;
			productReference = ED8AF3921DFF85C100EBB73F /* ItspayUITests.xctest */;
			productType = "com.apple.product-type.bundle.ui-testing";
		};
/* End PBXNativeTarget section */

/* Begin PBXProject section */
		ED8AF3691DFF85C000EBB73F /* Project object */ = {
			isa = PBXProject;
			attributes = {
				LastSwiftUpdateCheck = 0810;
				LastUpgradeCheck = 0810;
				ORGANIZATIONNAME = Compilab;
				TargetAttributes = {
					ED8AF3701DFF85C000EBB73F = {
						CreatedOnToolsVersion = 8.1;
						DevelopmentTeam = XXT2XJVDAC;
						LastSwiftMigration = 0820;
						ProvisioningStyle = Automatic;
						SystemCapabilities = {
							com.apple.BackgroundModes = {
								enabled = 1;
							};
							com.apple.Push = {
								enabled = 1;
							};
						};
					};
					ED8AF3861DFF85C100EBB73F = {
						CreatedOnToolsVersion = 8.1;
						DevelopmentTeam = XXT2XJVDAC;
						LastSwiftMigration = 0820;
						ProvisioningStyle = Automatic;
						TestTargetID = ED8AF3701DFF85C000EBB73F;
					};
					ED8AF3911DFF85C100EBB73F = {
						CreatedOnToolsVersion = 8.1;
						DevelopmentTeam = XXT2XJVDAC;
						LastSwiftMigration = 0820;
						ProvisioningStyle = Automatic;
						TestTargetID = ED8AF3701DFF85C000EBB73F;
					};
				};
			};
			buildConfigurationList = ED8AF36C1DFF85C000EBB73F /* Build configuration list for PBXProject "Itspay" */;
			compatibilityVersion = "Xcode 3.2";
			developmentRegion = English;
			hasScannedForEncodings = 0;
			knownRegions = (
				en,
				Base,
			);
			mainGroup = ED8AF3681DFF85C000EBB73F;
			productRefGroup = ED8AF3721DFF85C100EBB73F /* Products */;
			projectDirPath = "";
			projectRoot = "";
			targets = (
				ED8AF3701DFF85C000EBB73F /* Itspay */,
				ED8AF3861DFF85C100EBB73F /* ItspayTests */,
				ED8AF3911DFF85C100EBB73F /* ItspayUITests */,
			);
		};
/* End PBXProject section */

/* Begin PBXResourcesBuildPhase section */
		ED8AF36F1DFF85C000EBB73F /* Resources */ = {
			isa = PBXResourcesBuildPhase;
			buildActionMask = 2147483647;
			files = (
				ED8AF3A51DFF862500EBB73F /* Login.storyboard in Resources */,
				ED3913321E09868B001B506D /* MarketPlace.storyboard in Resources */,
				ED3A02E11E0B0E91000BCE53 /* Settings.bundle in Resources */,
				ED791B6A1E00629A002C4A70 /* General.storyboard in Resources */,
				ED5322A01E056C25005ACBD2 /* mocks.plist in Resources */,
				ED791B6C1E0066FA002C4A70 /* services.plist in Resources */,
				ED5322A21E056CD4005ACBD2 /* config.plist in Resources */,
				ED8AF3811DFF85C100EBB73F /* LaunchScreen.storyboard in Resources */,
				ED5260111E22742500881184 /* ErrorView.xib in Resources */,
				ED52600F1E226EE500881184 /* kredit front.ttf in Resources */,
				ED9B8A651E2D3F1100BF8632 /* CardInfoView.xib in Resources */,
				ED8AF37E1DFF85C100EBB73F /* Assets.xcassets in Resources */,
				ED8AF37C1DFF85C100EBB73F /* Cards.storyboard in Resources */,
				ED52600D1E226A9900881184 /* HALTER__.ttf in Resources */,
			);
			runOnlyForDeploymentPostprocessing = 0;
		};
		ED8AF3851DFF85C100EBB73F /* Resources */ = {
			isa = PBXResourcesBuildPhase;
			buildActionMask = 2147483647;
			files = (
			);
			runOnlyForDeploymentPostprocessing = 0;
		};
		ED8AF3901DFF85C100EBB73F /* Resources */ = {
			isa = PBXResourcesBuildPhase;
			buildActionMask = 2147483647;
			files = (
			);
			runOnlyForDeploymentPostprocessing = 0;
		};
/* End PBXResourcesBuildPhase section */

/* Begin PBXShellScriptBuildPhase section */
		0ED71DBABE87B96502F1B333 /* [CP] Copy Pods Resources */ = {
			isa = PBXShellScriptBuildPhase;
			buildActionMask = 2147483647;
			files = (
			);
			inputPaths = (
			);
			name = "[CP] Copy Pods Resources";
			outputPaths = (
			);
			runOnlyForDeploymentPostprocessing = 0;
			shellPath = /bin/sh;
			shellScript = "\"${SRCROOT}/Pods/Target Support Files/Pods-ItspayTests/Pods-ItspayTests-resources.sh\"\n";
			showEnvVarsInLog = 0;
		};
		1A9F23733E083E753AE9E00F /* [CP] Copy Pods Resources */ = {
			isa = PBXShellScriptBuildPhase;
			buildActionMask = 2147483647;
			files = (
			);
			inputPaths = (
			);
			name = "[CP] Copy Pods Resources";
			outputPaths = (
			);
			runOnlyForDeploymentPostprocessing = 0;
			shellPath = /bin/sh;
			shellScript = "\"${SRCROOT}/Pods/Target Support Files/Pods-Itspay/Pods-Itspay-resources.sh\"\n";
			showEnvVarsInLog = 0;
		};
		2F717B417D88BF9001FDB0D5 /* [CP] Embed Pods Frameworks */ = {
			isa = PBXShellScriptBuildPhase;
			buildActionMask = 2147483647;
			files = (
			);
			inputPaths = (
			);
			name = "[CP] Embed Pods Frameworks";
			outputPaths = (
			);
			runOnlyForDeploymentPostprocessing = 0;
			shellPath = /bin/sh;
			shellScript = "\"${SRCROOT}/Pods/Target Support Files/Pods-ItspayTests/Pods-ItspayTests-frameworks.sh\"\n";
			showEnvVarsInLog = 0;
		};
		530516F44641A95A5B27CACC /* [CP] Check Pods Manifest.lock */ = {
			isa = PBXShellScriptBuildPhase;
			buildActionMask = 2147483647;
			files = (
			);
			inputPaths = (
			);
			name = "[CP] Check Pods Manifest.lock";
			outputPaths = (
			);
			runOnlyForDeploymentPostprocessing = 0;
			shellPath = /bin/sh;
			shellScript = "diff \"${PODS_ROOT}/../Podfile.lock\" \"${PODS_ROOT}/Manifest.lock\" > /dev/null\nif [ $? != 0 ] ; then\n    # print error to STDERR\n    echo \"error: The sandbox is not in sync with the Podfile.lock. Run 'pod install' or update your CocoaPods installation.\" >&2\n    exit 1\nfi\n";
			showEnvVarsInLog = 0;
		};
		C63156CDED5A4E69E8F0842F /* [CP] Embed Pods Frameworks */ = {
			isa = PBXShellScriptBuildPhase;
			buildActionMask = 2147483647;
			files = (
			);
			inputPaths = (
			);
			name = "[CP] Embed Pods Frameworks";
			outputPaths = (
			);
			runOnlyForDeploymentPostprocessing = 0;
			shellPath = /bin/sh;
			shellScript = "\"${SRCROOT}/Pods/Target Support Files/Pods-Itspay/Pods-Itspay-frameworks.sh\"\n";
			showEnvVarsInLog = 0;
		};
		DA27939EC2BEF65D95ACDDFD /* [CP] Check Pods Manifest.lock */ = {
			isa = PBXShellScriptBuildPhase;
			buildActionMask = 2147483647;
			files = (
			);
			inputPaths = (
			);
			name = "[CP] Check Pods Manifest.lock";
			outputPaths = (
			);
			runOnlyForDeploymentPostprocessing = 0;
			shellPath = /bin/sh;
			shellScript = "diff \"${PODS_ROOT}/../Podfile.lock\" \"${PODS_ROOT}/Manifest.lock\" > /dev/null\nif [ $? != 0 ] ; then\n    # print error to STDERR\n    echo \"error: The sandbox is not in sync with the Podfile.lock. Run 'pod install' or update your CocoaPods installation.\" >&2\n    exit 1\nfi\n";
			showEnvVarsInLog = 0;
		};
/* End PBXShellScriptBuildPhase section */

/* Begin PBXSourcesBuildPhase section */
		ED8AF36D1DFF85C000EBB73F /* Sources */ = {
			isa = PBXSourcesBuildPhase;
			buildActionMask = 2147483647;
			files = (
				ED6FC3731E12DCB000AD4562 /* SecuritySettings.swift in Sources */,
				ED525FFA1E203BE000881184 /* TipoEndereco.swift in Sources */,
				ED4F9F6F1E19C68C00F99162 /* Button.swift in Sources */,
				EDFB60FF1E15F10000C24A4E /* MarketPlaceController.swift in Sources */,
				ED5260131E22749700881184 /* ErrorView.swift in Sources */,
				ED36D9E91E22AFE7002EA07F /* ShippingItemView.swift in Sources */,
				ED3A02E81E0C00F8000BCE53 /* TransferFinancialCard.swift in Sources */,
				ED3A02E51E0C00B7000BCE53 /* TransferMainView.swift in Sources */,
				ED8AF3CD1DFF8B1300EBB73F /* Repository.swift in Sources */,
				EDFB60F51E15F06500C24A4E /* Caracteristicas.swift in Sources */,
				ED713DF31E031F0E00E4D8E1 /* DataValidade.swift in Sources */,
				EDAB8A7C1E007E6100C91453 /* System.swift in Sources */,
				ED5322A41E05B291005ACBD2 /* DetailCardsView.swift in Sources */,
				ED525FF41E1D85C600881184 /* ForgotPassowordView.swift in Sources */,
				ED791B681E006292002C4A70 /* WebView.swift in Sources */,
				ED8AF3B21DFF86DF00EBB73F /* CardsView.swift in Sources */,
				ED36D9ED1E245F05002EA07F /* InstallmentPaymentChooseView.swift in Sources */,
				ED36D9F71E250BB0002EA07F /* ShippingPaymentView.swift in Sources */,
				ED3A02F01E0C5889000BCE53 /* RatesView.swift in Sources */,
				ED6FC3711E12D84100AD4562 /* Tariff.swift in Sources */,
				EDFB60FA1E15F06500C24A4E /* ProductPartner.swift in Sources */,
				ED713DF21E031F0E00E4D8E1 /* DataHoraInclusao.swift in Sources */,
				ED599DC91E007537004EC753 /* Chronology.swift in Sources */,
				EDC9F8231E07F00900B0DD37 /* SideMenuObject.swift in Sources */,
				ED5260081E208CFE00881184 /* MyRequest.swift in Sources */,
				ED39133B1E0AE1F7001B506D /* AlertComponent.swift in Sources */,
				ED525FF91E203BE000881184 /* Address.swift in Sources */,
				ED9291B81E02349300F00F00 /* RegisterLoginObject.swift in Sources */,
				EDD681551E00EB9A00E9017F /* General.swift in Sources */,
				ED525FF61E1DE64B00881184 /* ShippingFormsView.swift in Sources */,
				EDFB60FC1E15F06500C24A4E /* Referencias.swift in Sources */,
				ED52600A1E208E3E00881184 /* MyRequestDetailView.swift in Sources */,
				ED9B8A671E2D3F6300BF8632 /* CardInfoView.swift in Sources */,
				EDC9F8201E07EF5800B0DD37 /* SideMenuTableViewController.swift in Sources */,
				EDB8CADC1E119A5F00BC8089 /* ChargeView.swift in Sources */,
				EDFB60F81E15F06500C24A4E /* Imagens.swift in Sources */,
				ED9291B61E0233AF00F00F00 /* Constants.swift in Sources */,
				EDFB60FD1E15F06500C24A4E /* Unidades.swift in Sources */,
				ED713DF11E031F0E00E4D8E1 /* Credenciais.swift in Sources */,
				EDC9F8251E07F70700B0DD37 /* CardsController.swift in Sources */,
				ED39132E1E098607001B506D /* CartView.swift in Sources */,
				EDD6815A1E00ED1A00E9017F /* Location.swift in Sources */,
				ED1A3A041DFFA73100D9C878 /* TextFieldMasks.swift in Sources */,
				ED713DEA1E02FA6800E4D8E1 /* CardsTabBarController.swift in Sources */,
				ED3913291E088899001B506D /* VirtualCardStatement.swift in Sources */,
				ED3A02ED1E0C4E27000BCE53 /* SecuritySettingsView.swift in Sources */,
				ED39132B1E0971A8001B506D /* PreferencesView.swift in Sources */,
				ED5260021E20488600881184 /* ShippingForm.swift in Sources */,
				ED599DCA1E007537004EC753 /* DataHoraUltimoAcessso.swift in Sources */,
				ED3913281E088899001B506D /* DataTransacao.swift in Sources */,
				EDFB60EB1E15845300C24A4E /* CarrierInfo.swift in Sources */,
				ED8AF3B01DFF86C100EBB73F /* RegisterView.swift in Sources */,
				EDAB8A791E007D5600C91453 /* LoginController.swift in Sources */,
				ED3A02EA1E0C011B000BCE53 /* TransferOtherAccount.swift in Sources */,
				ED6FC36B1E11FB1600AD4562 /* ResquestNewVirtualCardView.swift in Sources */,
				ED6FC3641E11BF7200AD4562 /* Ticket.swift in Sources */,
				ED8AF3751DFF85C100EBB73F /* AppDelegate.swift in Sources */,
				EDFB60F91E15F06500C24A4E /* PalavrasChaves.swift in Sources */,
				ED36D9EB1E245480002EA07F /* ShippingChooseCardView.swift in Sources */,
				ED8AF3B91DFF89F600EBB73F /* DateFormatterComponent.swift in Sources */,
				ED525FFE1E2040F300881184 /* ShippingFormsChooseView.swift in Sources */,
				ED525FF21E1D45CF00881184 /* RequestNewVirtualCardTermsView.swift in Sources */,
				ED36D9F11E24F3DF002EA07F /* ShippingSummaryView.swift in Sources */,
				EDD681521E00E3C300E9017F /* FieldErrors.swift in Sources */,
				ED4F9F6A1E19653C00F99162 /* LaunchScreenView.swift in Sources */,
				EDFB60F71E15F06500C24A4E /* DataHoraStatus.swift in Sources */,
				EDFB60FB1E15F06500C24A4E /* Produtos.swift in Sources */,
				ED8AF3C51DFF8A8D00EBB73F /* Session.swift in Sources */,
				ED36D9E71E22AD3A002EA07F /* MyRequestDetail.swift in Sources */,
				EDFB61011E17E2EF00C24A4E /* DetailProductView.swift in Sources */,
				ED3A02F21E0C6AD5000BCE53 /* Bank.swift in Sources */,
				ED36D9EF1E246018002EA07F /* InstallmentPayment.swift in Sources */,
				ED599DC41E0070D7004EC753 /* Connection.swift in Sources */,
				ED40D2741E43CAF500BD713C /* ImageStorage.swift in Sources */,
				ED8AF3CA1DFF8ABC00EBB73F /* TouchID.swift in Sources */,
				ED8AF3AE1DFF86B600EBB73F /* LoginView.swift in Sources */,
				EDD681511E00E3C300E9017F /* ErrorObject.swift in Sources */,
				EDBBDCD01DFFAD0000EB469A /* MainView.swift in Sources */,
				ED8AF3B61DFF89D800EBB73F /* Extensions.swift in Sources */,
				ED525FF01E1BFBD000881184 /* iCarousel.m in Sources */,
				ED4F9F6C1E19705700F99162 /* ProductReferencesView.swift in Sources */,
				ED5260041E204CC000881184 /* MyRequestsView.swift in Sources */,
				ED5260001E2044F000881184 /* AddressChooseView.swift in Sources */,
				ED5260071E208CFE00881184 /* DataHoraPedido.swift in Sources */,
				ED36D9E61E22AD3A002EA07F /* ItensPedido.swift in Sources */,
				EDFB60F61E15F06500C24A4E /* Categorias.swift in Sources */,
				ED599DCB1E007537004EC753 /* LoginResponseObject.swift in Sources */,
				ED3913301E09865B001B506D /* HighlightsView.swift in Sources */,
				EDAB8A741E007A8D00C91453 /* LoginRequestObject.swift in Sources */,
				ED6FC3691E11F95600AD4562 /* RequestVirtualCardsView.swift in Sources */,
				ED6FC36D1E12061900AD4562 /* NewVirtualCard.swift in Sources */,
				ED713DF61E03E62300E4D8E1 /* LoadingProgress.swift in Sources */,
			);
			runOnlyForDeploymentPostprocessing = 0;
		};
		ED8AF3831DFF85C100EBB73F /* Sources */ = {
			isa = PBXSourcesBuildPhase;
			buildActionMask = 2147483647;
			files = (
				ED8AF38C1DFF85C100EBB73F /* ItspayTests.swift in Sources */,
			);
			runOnlyForDeploymentPostprocessing = 0;
		};
		ED8AF38E1DFF85C100EBB73F /* Sources */ = {
			isa = PBXSourcesBuildPhase;
			buildActionMask = 2147483647;
			files = (
				ED8AF3971DFF85C100EBB73F /* ItspayUITests.swift in Sources */,
			);
			runOnlyForDeploymentPostprocessing = 0;
		};
/* End PBXSourcesBuildPhase section */

/* Begin PBXTargetDependency section */
		ED8AF3891DFF85C100EBB73F /* PBXTargetDependency */ = {
			isa = PBXTargetDependency;
			target = ED8AF3701DFF85C000EBB73F /* Itspay */;
			targetProxy = ED8AF3881DFF85C100EBB73F /* PBXContainerItemProxy */;
		};
		ED8AF3941DFF85C100EBB73F /* PBXTargetDependency */ = {
			isa = PBXTargetDependency;
			target = ED8AF3701DFF85C000EBB73F /* Itspay */;
			targetProxy = ED8AF3931DFF85C100EBB73F /* PBXContainerItemProxy */;
		};
/* End PBXTargetDependency section */

/* Begin PBXVariantGroup section */
		ED8AF37A1DFF85C100EBB73F /* Cards.storyboard */ = {
			isa = PBXVariantGroup;
			children = (
				ED8AF37B1DFF85C100EBB73F /* Base */,
			);
			name = Cards.storyboard;
			sourceTree = "<group>";
		};
		ED8AF37F1DFF85C100EBB73F /* LaunchScreen.storyboard */ = {
			isa = PBXVariantGroup;
			children = (
				ED8AF3801DFF85C100EBB73F /* Base */,
			);
			name = LaunchScreen.storyboard;
			sourceTree = "<group>";
		};
/* End PBXVariantGroup section */

/* Begin XCBuildConfiguration section */
		ED8AF3991DFF85C100EBB73F /* Debug */ = {
			isa = XCBuildConfiguration;
			buildSettings = {
				ALWAYS_SEARCH_USER_PATHS = NO;
				CLANG_ANALYZER_NONNULL = YES;
				CLANG_CXX_LANGUAGE_STANDARD = "gnu++0x";
				CLANG_CXX_LIBRARY = "libc++";
				CLANG_ENABLE_MODULES = YES;
				CLANG_ENABLE_OBJC_ARC = YES;
				CLANG_WARN_BOOL_CONVERSION = YES;
				CLANG_WARN_CONSTANT_CONVERSION = YES;
				CLANG_WARN_DIRECT_OBJC_ISA_USAGE = YES_ERROR;
				CLANG_WARN_DOCUMENTATION_COMMENTS = YES;
				CLANG_WARN_EMPTY_BODY = YES;
				CLANG_WARN_ENUM_CONVERSION = YES;
				CLANG_WARN_INFINITE_RECURSION = YES;
				CLANG_WARN_INT_CONVERSION = YES;
				CLANG_WARN_OBJC_ROOT_CLASS = YES_ERROR;
				CLANG_WARN_SUSPICIOUS_MOVE = YES;
				CLANG_WARN_SUSPICIOUS_MOVES = YES;
				CLANG_WARN_UNREACHABLE_CODE = YES;
				CLANG_WARN__DUPLICATE_METHOD_MATCH = YES;
				"CODE_SIGN_IDENTITY[sdk=iphoneos*]" = "iPhone Developer";
				COPY_PHASE_STRIP = NO;
				DEBUG_INFORMATION_FORMAT = dwarf;
				ENABLE_STRICT_OBJC_MSGSEND = YES;
				ENABLE_TESTABILITY = YES;
				GCC_C_LANGUAGE_STANDARD = gnu99;
				GCC_DYNAMIC_NO_PIC = NO;
				GCC_NO_COMMON_BLOCKS = YES;
				GCC_OPTIMIZATION_LEVEL = 0;
				GCC_PREPROCESSOR_DEFINITIONS = (
					"DEBUG=1",
					"$(inherited)",
				);
				GCC_WARN_64_TO_32_BIT_CONVERSION = YES;
				GCC_WARN_ABOUT_RETURN_TYPE = YES_ERROR;
				GCC_WARN_UNDECLARED_SELECTOR = YES;
				GCC_WARN_UNINITIALIZED_AUTOS = YES_AGGRESSIVE;
				GCC_WARN_UNUSED_FUNCTION = YES;
				GCC_WARN_UNUSED_VARIABLE = YES;
				IPHONEOS_DEPLOYMENT_TARGET = 10.1;
				MTL_ENABLE_DEBUG_INFO = YES;
				ONLY_ACTIVE_ARCH = YES;
				SDKROOT = iphoneos;
				SWIFT_ACTIVE_COMPILATION_CONDITIONS = DEBUG;
				SWIFT_OPTIMIZATION_LEVEL = "-Onone";
				TARGETED_DEVICE_FAMILY = "1,2";
			};
			name = Debug;
		};
		ED8AF39A1DFF85C100EBB73F /* Release */ = {
			isa = XCBuildConfiguration;
			buildSettings = {
				ALWAYS_SEARCH_USER_PATHS = NO;
				CLANG_ANALYZER_NONNULL = YES;
				CLANG_CXX_LANGUAGE_STANDARD = "gnu++0x";
				CLANG_CXX_LIBRARY = "libc++";
				CLANG_ENABLE_MODULES = YES;
				CLANG_ENABLE_OBJC_ARC = YES;
				CLANG_WARN_BOOL_CONVERSION = YES;
				CLANG_WARN_CONSTANT_CONVERSION = YES;
				CLANG_WARN_DIRECT_OBJC_ISA_USAGE = YES_ERROR;
				CLANG_WARN_DOCUMENTATION_COMMENTS = YES;
				CLANG_WARN_EMPTY_BODY = YES;
				CLANG_WARN_ENUM_CONVERSION = YES;
				CLANG_WARN_INFINITE_RECURSION = YES;
				CLANG_WARN_INT_CONVERSION = YES;
				CLANG_WARN_OBJC_ROOT_CLASS = YES_ERROR;
				CLANG_WARN_SUSPICIOUS_MOVE = YES;
				CLANG_WARN_SUSPICIOUS_MOVES = YES;
				CLANG_WARN_UNREACHABLE_CODE = YES;
				CLANG_WARN__DUPLICATE_METHOD_MATCH = YES;
				"CODE_SIGN_IDENTITY[sdk=iphoneos*]" = "iPhone Developer";
				COPY_PHASE_STRIP = NO;
				DEBUG_INFORMATION_FORMAT = "dwarf-with-dsym";
				ENABLE_NS_ASSERTIONS = NO;
				ENABLE_STRICT_OBJC_MSGSEND = YES;
				GCC_C_LANGUAGE_STANDARD = gnu99;
				GCC_NO_COMMON_BLOCKS = YES;
				GCC_WARN_64_TO_32_BIT_CONVERSION = YES;
				GCC_WARN_ABOUT_RETURN_TYPE = YES_ERROR;
				GCC_WARN_UNDECLARED_SELECTOR = YES;
				GCC_WARN_UNINITIALIZED_AUTOS = YES_AGGRESSIVE;
				GCC_WARN_UNUSED_FUNCTION = YES;
				GCC_WARN_UNUSED_VARIABLE = YES;
				IPHONEOS_DEPLOYMENT_TARGET = 10.1;
				MTL_ENABLE_DEBUG_INFO = NO;
				SDKROOT = iphoneos;
				SWIFT_OPTIMIZATION_LEVEL = "-Owholemodule";
				TARGETED_DEVICE_FAMILY = "1,2";
				VALIDATE_PRODUCT = YES;
			};
			name = Release;
		};
		ED8AF39C1DFF85C100EBB73F /* Debug */ = {
			isa = XCBuildConfiguration;
			baseConfigurationReference = 00EC758617B7E9C8A3FE21FF /* Pods-Itspay.debug.xcconfig */;
			buildSettings = {
				ALWAYS_EMBED_SWIFT_STANDARD_LIBRARIES = YES;
				ASSETCATALOG_COMPILER_APPICON_NAME = AppIcon;
				CLANG_ENABLE_MODULES = YES;
				CODE_SIGN_ENTITLEMENTS = Itspay/Itspay.entitlements;
				CODE_SIGN_IDENTITY = "";
				"CODE_SIGN_IDENTITY[sdk=iphoneos*]" = "iPhone Developer";
				DEVELOPMENT_TEAM = XXT2XJVDAC;
				INFOPLIST_FILE = Itspay/Info.plist;
				IPHONEOS_DEPLOYMENT_TARGET = 9.0;
				LD_RUNPATH_SEARCH_PATHS = "$(inherited) @executable_path/Frameworks";
				PRODUCT_BUNDLE_IDENTIFIER = com.mobilecomplab.bahamasTest;
				PRODUCT_NAME = "$(TARGET_NAME)";
				PROVISIONING_PROFILE = "";
				PROVISIONING_PROFILE_SPECIFIER = "";
				SWIFT_OBJC_BRIDGING_HEADER = "Itspay/Itspay-Bridging-Header.h";
				SWIFT_OPTIMIZATION_LEVEL = "-Onone";
				SWIFT_VERSION = 3.0;
			};
			name = Debug;
		};
		ED8AF39D1DFF85C100EBB73F /* Release */ = {
			isa = XCBuildConfiguration;
			baseConfigurationReference = 550E2378031139046D303EB6 /* Pods-Itspay.release.xcconfig */;
			buildSettings = {
				ALWAYS_EMBED_SWIFT_STANDARD_LIBRARIES = YES;
				ASSETCATALOG_COMPILER_APPICON_NAME = AppIcon;
				CLANG_ENABLE_MODULES = YES;
				CODE_SIGN_ENTITLEMENTS = Itspay/Itspay.entitlements;
				CODE_SIGN_IDENTITY = "";
				"CODE_SIGN_IDENTITY[sdk=iphoneos*]" = "iPhone Developer";
				DEVELOPMENT_TEAM = XXT2XJVDAC;
				INFOPLIST_FILE = Itspay/Info.plist;
				IPHONEOS_DEPLOYMENT_TARGET = 9.0;
				LD_RUNPATH_SEARCH_PATHS = "$(inherited) @executable_path/Frameworks";
				PRODUCT_BUNDLE_IDENTIFIER = com.mobilecomplab.bahamasTest;
				PRODUCT_NAME = "$(TARGET_NAME)";
				PROVISIONING_PROFILE = "";
				PROVISIONING_PROFILE_SPECIFIER = "";
				SWIFT_OBJC_BRIDGING_HEADER = "Itspay/Itspay-Bridging-Header.h";
				SWIFT_VERSION = 3.0;
			};
			name = Release;
		};
		ED8AF39F1DFF85C100EBB73F /* Debug */ = {
			isa = XCBuildConfiguration;
			baseConfigurationReference = 4D5160D1E1FA73682CD5145B /* Pods-ItspayTests.debug.xcconfig */;
			buildSettings = {
				ALWAYS_EMBED_SWIFT_STANDARD_LIBRARIES = YES;
				BUNDLE_LOADER = "$(TEST_HOST)";
				DEVELOPMENT_TEAM = XXT2XJVDAC;
				INFOPLIST_FILE = ItspayTests/Info.plist;
				LD_RUNPATH_SEARCH_PATHS = "$(inherited) @executable_path/Frameworks @loader_path/Frameworks";
				PRODUCT_BUNDLE_IDENTIFIER = br.com.bb.aasmarques.ItspayTests;
				PRODUCT_NAME = "$(TARGET_NAME)";
				SWIFT_VERSION = 3.0;
				TEST_HOST = "$(BUILT_PRODUCTS_DIR)/Itspay.app/Itspay";
			};
			name = Debug;
		};
		ED8AF3A01DFF85C100EBB73F /* Release */ = {
			isa = XCBuildConfiguration;
			baseConfigurationReference = 7D3086FF01FA91BB2DF7F6C2 /* Pods-ItspayTests.release.xcconfig */;
			buildSettings = {
				ALWAYS_EMBED_SWIFT_STANDARD_LIBRARIES = YES;
				BUNDLE_LOADER = "$(TEST_HOST)";
				DEVELOPMENT_TEAM = XXT2XJVDAC;
				INFOPLIST_FILE = ItspayTests/Info.plist;
				LD_RUNPATH_SEARCH_PATHS = "$(inherited) @executable_path/Frameworks @loader_path/Frameworks";
				PRODUCT_BUNDLE_IDENTIFIER = br.com.bb.aasmarques.ItspayTests;
				PRODUCT_NAME = "$(TARGET_NAME)";
				SWIFT_VERSION = 3.0;
				TEST_HOST = "$(BUILT_PRODUCTS_DIR)/Itspay.app/Itspay";
			};
			name = Release;
		};
		ED8AF3A21DFF85C100EBB73F /* Debug */ = {
			isa = XCBuildConfiguration;
			buildSettings = {
				ALWAYS_EMBED_SWIFT_STANDARD_LIBRARIES = YES;
				DEVELOPMENT_TEAM = XXT2XJVDAC;
				INFOPLIST_FILE = ItspayUITests/Info.plist;
				LD_RUNPATH_SEARCH_PATHS = "$(inherited) @executable_path/Frameworks @loader_path/Frameworks";
				PRODUCT_BUNDLE_IDENTIFIER = br.com.bb.aasmarques.ItspayUITests;
				PRODUCT_NAME = "$(TARGET_NAME)";
				SWIFT_VERSION = 3.0;
				TEST_TARGET_NAME = Itspay;
			};
			name = Debug;
		};
		ED8AF3A31DFF85C100EBB73F /* Release */ = {
			isa = XCBuildConfiguration;
			buildSettings = {
				ALWAYS_EMBED_SWIFT_STANDARD_LIBRARIES = YES;
				DEVELOPMENT_TEAM = XXT2XJVDAC;
				INFOPLIST_FILE = ItspayUITests/Info.plist;
				LD_RUNPATH_SEARCH_PATHS = "$(inherited) @executable_path/Frameworks @loader_path/Frameworks";
				PRODUCT_BUNDLE_IDENTIFIER = br.com.bb.aasmarques.ItspayUITests;
				PRODUCT_NAME = "$(TARGET_NAME)";
				SWIFT_VERSION = 3.0;
				TEST_TARGET_NAME = Itspay;
			};
			name = Release;
		};
/* End XCBuildConfiguration section */

/* Begin XCConfigurationList section */
		ED8AF36C1DFF85C000EBB73F /* Build configuration list for PBXProject "Itspay" */ = {
			isa = XCConfigurationList;
			buildConfigurations = (
				ED8AF3991DFF85C100EBB73F /* Debug */,
				ED8AF39A1DFF85C100EBB73F /* Release */,
			);
			defaultConfigurationIsVisible = 0;
			defaultConfigurationName = Release;
		};
		ED8AF39B1DFF85C100EBB73F /* Build configuration list for PBXNativeTarget "Itspay" */ = {
			isa = XCConfigurationList;
			buildConfigurations = (
				ED8AF39C1DFF85C100EBB73F /* Debug */,
				ED8AF39D1DFF85C100EBB73F /* Release */,
			);
			defaultConfigurationIsVisible = 0;
			defaultConfigurationName = Release;
		};
		ED8AF39E1DFF85C100EBB73F /* Build configuration list for PBXNativeTarget "ItspayTests" */ = {
			isa = XCConfigurationList;
			buildConfigurations = (
				ED8AF39F1DFF85C100EBB73F /* Debug */,
				ED8AF3A01DFF85C100EBB73F /* Release */,
			);
			defaultConfigurationIsVisible = 0;
			defaultConfigurationName = Release;
		};
		ED8AF3A11DFF85C100EBB73F /* Build configuration list for PBXNativeTarget "ItspayUITests" */ = {
			isa = XCConfigurationList;
			buildConfigurations = (
				ED8AF3A21DFF85C100EBB73F /* Debug */,
				ED8AF3A31DFF85C100EBB73F /* Release */,
			);
			defaultConfigurationIsVisible = 0;
			defaultConfigurationName = Release;
		};
/* End XCConfigurationList section */
	};
	rootObject = ED8AF3691DFF85C000EBB73F /* Project object */;
}
